// !$*UTF8*$!
{
	archiveVersion = 1;
	classes = {
	};
	objectVersion = 46;
	objects = {

/* Begin PBXBuildFile section */
		0C0D418C1DDEDAF10067058F /* AFHTTPSessionManager.m in Sources */ = {isa = PBXBuildFile; fileRef = 0C0D40E21DDEDAF10067058F /* AFHTTPSessionManager.m */; };
		0C0D418D1DDEDAF10067058F /* AFNetworkReachabilityManager.m in Sources */ = {isa = PBXBuildFile; fileRef = 0C0D40E51DDEDAF10067058F /* AFNetworkReachabilityManager.m */; };
		0C0D418E1DDEDAF10067058F /* AFSecurityPolicy.m in Sources */ = {isa = PBXBuildFile; fileRef = 0C0D40E71DDEDAF10067058F /* AFSecurityPolicy.m */; };
		0C0D418F1DDEDAF10067058F /* AFURLRequestSerialization.m in Sources */ = {isa = PBXBuildFile; fileRef = 0C0D40E91DDEDAF10067058F /* AFURLRequestSerialization.m */; };
		0C0D41901DDEDAF10067058F /* AFURLResponseSerialization.m in Sources */ = {isa = PBXBuildFile; fileRef = 0C0D40EB1DDEDAF10067058F /* AFURLResponseSerialization.m */; };
		0C0D41911DDEDAF10067058F /* AFURLSessionManager.m in Sources */ = {isa = PBXBuildFile; fileRef = 0C0D40ED1DDEDAF10067058F /* AFURLSessionManager.m */; };
		0C0D41971DDEDAF10067058F /* Info.plist in Resources */ = {isa = PBXBuildFile; fileRef = 0C0D40FB1DDEDAF10067058F /* Info.plist */; };
		0C0D41981DDEDAF10067058F /* MASCompositeConstraint.m in Sources */ = {isa = PBXBuildFile; fileRef = 0C0D40FD1DDEDAF10067058F /* MASCompositeConstraint.m */; };
		0C0D41991DDEDAF10067058F /* MASConstraint.m in Sources */ = {isa = PBXBuildFile; fileRef = 0C0D41001DDEDAF10067058F /* MASConstraint.m */; };
		0C0D419A1DDEDAF10067058F /* MASConstraintMaker.m in Sources */ = {isa = PBXBuildFile; fileRef = 0C0D41021DDEDAF10067058F /* MASConstraintMaker.m */; };
		0C0D419B1DDEDAF10067058F /* MASLayoutConstraint.m in Sources */ = {isa = PBXBuildFile; fileRef = 0C0D41041DDEDAF10067058F /* MASLayoutConstraint.m */; };
		0C0D419C1DDEDAF10067058F /* MASViewAttribute.m in Sources */ = {isa = PBXBuildFile; fileRef = 0C0D41081DDEDAF10067058F /* MASViewAttribute.m */; };
		0C0D419D1DDEDAF10067058F /* MASViewConstraint.m in Sources */ = {isa = PBXBuildFile; fileRef = 0C0D410A1DDEDAF10067058F /* MASViewConstraint.m */; };
		0C0D419E1DDEDAF10067058F /* NSArray+MASAdditions.m in Sources */ = {isa = PBXBuildFile; fileRef = 0C0D410C1DDEDAF10067058F /* NSArray+MASAdditions.m */; };
		0C0D419F1DDEDAF10067058F /* NSLayoutConstraint+MASDebugAdditions.m in Sources */ = {isa = PBXBuildFile; fileRef = 0C0D410F1DDEDAF10067058F /* NSLayoutConstraint+MASDebugAdditions.m */; };
		0C0D41A01DDEDAF10067058F /* View+MASAdditions.m in Sources */ = {isa = PBXBuildFile; fileRef = 0C0D41111DDEDAF10067058F /* View+MASAdditions.m */; };
		0C0D41A11DDEDAF10067058F /* ViewController+MASAdditions.m in Sources */ = {isa = PBXBuildFile; fileRef = 0C0D41141DDEDAF10067058F /* ViewController+MASAdditions.m */; };
		0C0D41A21DDEDAF10067058F /* MBProgressHUD.m in Sources */ = {isa = PBXBuildFile; fileRef = 0C0D41161DDEDAF10067058F /* MBProgressHUD.m */; };
		0C0D41A31DDEDAF10067058F /* MJDictionaryCache.m in Sources */ = {isa = PBXBuildFile; fileRef = 0C0D41191DDEDAF10067058F /* MJDictionaryCache.m */; };
		0C0D41A41DDEDAF10067058F /* MJExtensionConst.m in Sources */ = {isa = PBXBuildFile; fileRef = 0C0D411C1DDEDAF10067058F /* MJExtensionConst.m */; };
		0C0D41A51DDEDAF10067058F /* MJFoundation.m in Sources */ = {isa = PBXBuildFile; fileRef = 0C0D411E1DDEDAF10067058F /* MJFoundation.m */; };
		0C0D41A61DDEDAF10067058F /* MJProperty.m in Sources */ = {isa = PBXBuildFile; fileRef = 0C0D41201DDEDAF10067058F /* MJProperty.m */; };
		0C0D41A71DDEDAF10067058F /* MJPropertyKey.m in Sources */ = {isa = PBXBuildFile; fileRef = 0C0D41221DDEDAF10067058F /* MJPropertyKey.m */; };
		0C0D41A81DDEDAF10067058F /* MJPropertyType.m in Sources */ = {isa = PBXBuildFile; fileRef = 0C0D41241DDEDAF10067058F /* MJPropertyType.m */; };
		0C0D41A91DDEDAF10067058F /* NSObject+MJClass.m in Sources */ = {isa = PBXBuildFile; fileRef = 0C0D41261DDEDAF10067058F /* NSObject+MJClass.m */; };
		0C0D41AA1DDEDAF10067058F /* NSObject+MJCoding.m in Sources */ = {isa = PBXBuildFile; fileRef = 0C0D41281DDEDAF10067058F /* NSObject+MJCoding.m */; };
		0C0D41AB1DDEDAF10067058F /* NSObject+MJKeyValue.m in Sources */ = {isa = PBXBuildFile; fileRef = 0C0D412A1DDEDAF10067058F /* NSObject+MJKeyValue.m */; };
		0C0D41AC1DDEDAF10067058F /* NSObject+MJProperty.m in Sources */ = {isa = PBXBuildFile; fileRef = 0C0D412C1DDEDAF10067058F /* NSObject+MJProperty.m */; };
		0C0D41AD1DDEDAF10067058F /* NSString+MJExtension.m in Sources */ = {isa = PBXBuildFile; fileRef = 0C0D412E1DDEDAF10067058F /* NSString+MJExtension.m */; };
		0C0D41C51DDEDAF10067058F /* MKAnnotationView+WebCache.m in Sources */ = {isa = PBXBuildFile; fileRef = 0C0D41681DDEDAF10067058F /* MKAnnotationView+WebCache.m */; };
		0C0D41C61DDEDAF10067058F /* NSData+ImageContentType.m in Sources */ = {isa = PBXBuildFile; fileRef = 0C0D416A1DDEDAF10067058F /* NSData+ImageContentType.m */; };
		0C0D41C71DDEDAF10067058F /* SDImageCache.m in Sources */ = {isa = PBXBuildFile; fileRef = 0C0D416C1DDEDAF10067058F /* SDImageCache.m */; };
		0C0D41C81DDEDAF10067058F /* SDWebImageCompat.m in Sources */ = {isa = PBXBuildFile; fileRef = 0C0D416E1DDEDAF10067058F /* SDWebImageCompat.m */; };
		0C0D41C91DDEDAF10067058F /* SDWebImageDecoder.m in Sources */ = {isa = PBXBuildFile; fileRef = 0C0D41701DDEDAF10067058F /* SDWebImageDecoder.m */; };
		0C0D41CA1DDEDAF10067058F /* SDWebImageDownloader.m in Sources */ = {isa = PBXBuildFile; fileRef = 0C0D41721DDEDAF10067058F /* SDWebImageDownloader.m */; };
		0C0D41CB1DDEDAF10067058F /* SDWebImageDownloaderOperation.m in Sources */ = {isa = PBXBuildFile; fileRef = 0C0D41741DDEDAF10067058F /* SDWebImageDownloaderOperation.m */; };
		0C0D41CC1DDEDAF10067058F /* SDWebImageManager.m in Sources */ = {isa = PBXBuildFile; fileRef = 0C0D41761DDEDAF10067058F /* SDWebImageManager.m */; };
		0C0D41CD1DDEDAF10067058F /* SDWebImagePrefetcher.m in Sources */ = {isa = PBXBuildFile; fileRef = 0C0D41791DDEDAF10067058F /* SDWebImagePrefetcher.m */; };
		0C0D41CE1DDEDAF10067058F /* UIButton+WebCache.m in Sources */ = {isa = PBXBuildFile; fileRef = 0C0D417B1DDEDAF10067058F /* UIButton+WebCache.m */; };
		0C0D41CF1DDEDAF10067058F /* UIImage+GIF.m in Sources */ = {isa = PBXBuildFile; fileRef = 0C0D417D1DDEDAF10067058F /* UIImage+GIF.m */; };
		0C0D41D01DDEDAF10067058F /* UIImage+MultiFormat.m in Sources */ = {isa = PBXBuildFile; fileRef = 0C0D417F1DDEDAF10067058F /* UIImage+MultiFormat.m */; };
		0C0D41D11DDEDAF10067058F /* UIImage+WebP.m in Sources */ = {isa = PBXBuildFile; fileRef = 0C0D41811DDEDAF10067058F /* UIImage+WebP.m */; };
		0C0D41D21DDEDAF10067058F /* UIImageView+HighlightedWebCache.m in Sources */ = {isa = PBXBuildFile; fileRef = 0C0D41831DDEDAF10067058F /* UIImageView+HighlightedWebCache.m */; };
		0C0D41D31DDEDAF10067058F /* UIImageView+WebCache.m in Sources */ = {isa = PBXBuildFile; fileRef = 0C0D41851DDEDAF10067058F /* UIImageView+WebCache.m */; };
		0C0D41D41DDEDAF10067058F /* UIView+WebCacheOperation.m in Sources */ = {isa = PBXBuildFile; fileRef = 0C0D41871DDEDAF10067058F /* UIView+WebCacheOperation.m */; };
		0C0D41E21DDEE4790067058F /* GSLiveController.m in Sources */ = {isa = PBXBuildFile; fileRef = 0C0D41E11DDEE4790067058F /* GSLiveController.m */; };
		0C0D41E51DDEE4990067058F /* GSMeController.m in Sources */ = {isa = PBXBuildFile; fileRef = 0C0D41E41DDEE4990067058F /* GSMeController.m */; };
		0C0D41E81DDEE4B10067058F /* GSNewController.m in Sources */ = {isa = PBXBuildFile; fileRef = 0C0D41E71DDEE4B10067058F /* GSNewController.m */; };
		0C0D41EB1DDEE4D90067058F /* GSTopicController.m in Sources */ = {isa = PBXBuildFile; fileRef = 0C0D41EA1DDEE4D90067058F /* GSTopicController.m */; };
		0C0D41F11DDEE61B0067058F /* GSMainNews.m in Sources */ = {isa = PBXBuildFile; fileRef = 0C0D41F01DDEE61B0067058F /* GSMainNews.m */; };
		0C3E2DFE1DDD438F004E3F0A /* GSLaunchAdViewController.m in Sources */ = {isa = PBXBuildFile; fileRef = 0C3E2DFD1DDD438F004E3F0A /* GSLaunchAdViewController.m */; };
		0C62ECE81DDC365C004ED608 /* Assets.xcassets in Resources */ = {isa = PBXBuildFile; fileRef = 0C62ECE71DDC365C004ED608 /* Assets.xcassets */; };
		0CA5B91E1DDEA7FB0069CFAE /* SkipView.m in Sources */ = {isa = PBXBuildFile; fileRef = 0CA5B91D1DDEA7FB0069CFAE /* SkipView.m */; };
		0CC048221DDC338100E2BB85 /* main.m in Sources */ = {isa = PBXBuildFile; fileRef = 0CC048211DDC338100E2BB85 /* main.m */; };
		0CC048251DDC338100E2BB85 /* AppDelegate.m in Sources */ = {isa = PBXBuildFile; fileRef = 0CC048241DDC338100E2BB85 /* AppDelegate.m */; };
		0CC0483B1DDC338100E2BB85 /* GS_NEWSTests.m in Sources */ = {isa = PBXBuildFile; fileRef = 0CC0483A1DDC338100E2BB85 /* GS_NEWSTests.m */; };
		0CC048461DDC338100E2BB85 /* GS_NEWSUITests.m in Sources */ = {isa = PBXBuildFile; fileRef = 0CC048451DDC338100E2BB85 /* GS_NEWSUITests.m */; };
/* End PBXBuildFile section */

/* Begin PBXContainerItemProxy section */
		0CC048371DDC338100E2BB85 /* PBXContainerItemProxy */ = {
			isa = PBXContainerItemProxy;
			containerPortal = 0CC048151DDC338100E2BB85 /* Project object */;
			proxyType = 1;
			remoteGlobalIDString = 0CC0481C1DDC338100E2BB85;
			remoteInfo = GS_NEWS;
		};
		0CC048421DDC338100E2BB85 /* PBXContainerItemProxy */ = {
			isa = PBXContainerItemProxy;
			containerPortal = 0CC048151DDC338100E2BB85 /* Project object */;
			proxyType = 1;
			remoteGlobalIDString = 0CC0481C1DDC338100E2BB85;
			remoteInfo = GS_NEWS;
		};
/* End PBXContainerItemProxy section */

/* Begin PBXFileReference section */
		0C0D40E11DDEDAF10067058F /* AFHTTPSessionManager.h */ = {isa = PBXFileReference; fileEncoding = 4; lastKnownFileType = sourcecode.c.h; path = AFHTTPSessionManager.h; sourceTree = "<group>"; };
		0C0D40E21DDEDAF10067058F /* AFHTTPSessionManager.m */ = {isa = PBXFileReference; fileEncoding = 4; lastKnownFileType = sourcecode.c.objc; path = AFHTTPSessionManager.m; sourceTree = "<group>"; };
		0C0D40E31DDEDAF10067058F /* AFNetworking.h */ = {isa = PBXFileReference; fileEncoding = 4; lastKnownFileType = sourcecode.c.h; path = AFNetworking.h; sourceTree = "<group>"; };
		0C0D40E41DDEDAF10067058F /* AFNetworkReachabilityManager.h */ = {isa = PBXFileReference; fileEncoding = 4; lastKnownFileType = sourcecode.c.h; path = AFNetworkReachabilityManager.h; sourceTree = "<group>"; };
		0C0D40E51DDEDAF10067058F /* AFNetworkReachabilityManager.m */ = {isa = PBXFileReference; fileEncoding = 4; lastKnownFileType = sourcecode.c.objc; path = AFNetworkReachabilityManager.m; sourceTree = "<group>"; };
		0C0D40E61DDEDAF10067058F /* AFSecurityPolicy.h */ = {isa = PBXFileReference; fileEncoding = 4; lastKnownFileType = sourcecode.c.h; path = AFSecurityPolicy.h; sourceTree = "<group>"; };
		0C0D40E71DDEDAF10067058F /* AFSecurityPolicy.m */ = {isa = PBXFileReference; fileEncoding = 4; lastKnownFileType = sourcecode.c.objc; path = AFSecurityPolicy.m; sourceTree = "<group>"; };
		0C0D40E81DDEDAF10067058F /* AFURLRequestSerialization.h */ = {isa = PBXFileReference; fileEncoding = 4; lastKnownFileType = sourcecode.c.h; path = AFURLRequestSerialization.h; sourceTree = "<group>"; };
		0C0D40E91DDEDAF10067058F /* AFURLRequestSerialization.m */ = {isa = PBXFileReference; fileEncoding = 4; lastKnownFileType = sourcecode.c.objc; path = AFURLRequestSerialization.m; sourceTree = "<group>"; };
		0C0D40EA1DDEDAF10067058F /* AFURLResponseSerialization.h */ = {isa = PBXFileReference; fileEncoding = 4; lastKnownFileType = sourcecode.c.h; path = AFURLResponseSerialization.h; sourceTree = "<group>"; };
		0C0D40EB1DDEDAF10067058F /* AFURLResponseSerialization.m */ = {isa = PBXFileReference; fileEncoding = 4; lastKnownFileType = sourcecode.c.objc; path = AFURLResponseSerialization.m; sourceTree = "<group>"; };
		0C0D40EC1DDEDAF10067058F /* AFURLSessionManager.h */ = {isa = PBXFileReference; fileEncoding = 4; lastKnownFileType = sourcecode.c.h; path = AFURLSessionManager.h; sourceTree = "<group>"; };
		0C0D40ED1DDEDAF10067058F /* AFURLSessionManager.m */ = {isa = PBXFileReference; fileEncoding = 4; lastKnownFileType = sourcecode.c.objc; path = AFURLSessionManager.m; sourceTree = "<group>"; };
		0C0D40FB1DDEDAF10067058F /* Info.plist */ = {isa = PBXFileReference; fileEncoding = 4; lastKnownFileType = text.plist.xml; path = Info.plist; sourceTree = "<group>"; };
		0C0D40FC1DDEDAF10067058F /* MASCompositeConstraint.h */ = {isa = PBXFileReference; fileEncoding = 4; lastKnownFileType = sourcecode.c.h; path = MASCompositeConstraint.h; sourceTree = "<group>"; };
		0C0D40FD1DDEDAF10067058F /* MASCompositeConstraint.m */ = {isa = PBXFileReference; fileEncoding = 4; lastKnownFileType = sourcecode.c.objc; path = MASCompositeConstraint.m; sourceTree = "<group>"; };
		0C0D40FE1DDEDAF10067058F /* MASConstraint+Private.h */ = {isa = PBXFileReference; fileEncoding = 4; lastKnownFileType = sourcecode.c.h; path = "MASConstraint+Private.h"; sourceTree = "<group>"; };
		0C0D40FF1DDEDAF10067058F /* MASConstraint.h */ = {isa = PBXFileReference; fileEncoding = 4; lastKnownFileType = sourcecode.c.h; path = MASConstraint.h; sourceTree = "<group>"; };
		0C0D41001DDEDAF10067058F /* MASConstraint.m */ = {isa = PBXFileReference; fileEncoding = 4; lastKnownFileType = sourcecode.c.objc; path = MASConstraint.m; sourceTree = "<group>"; };
		0C0D41011DDEDAF10067058F /* MASConstraintMaker.h */ = {isa = PBXFileReference; fileEncoding = 4; lastKnownFileType = sourcecode.c.h; path = MASConstraintMaker.h; sourceTree = "<group>"; };
		0C0D41021DDEDAF10067058F /* MASConstraintMaker.m */ = {isa = PBXFileReference; fileEncoding = 4; lastKnownFileType = sourcecode.c.objc; path = MASConstraintMaker.m; sourceTree = "<group>"; };
		0C0D41031DDEDAF10067058F /* MASLayoutConstraint.h */ = {isa = PBXFileReference; fileEncoding = 4; lastKnownFileType = sourcecode.c.h; path = MASLayoutConstraint.h; sourceTree = "<group>"; };
		0C0D41041DDEDAF10067058F /* MASLayoutConstraint.m */ = {isa = PBXFileReference; fileEncoding = 4; lastKnownFileType = sourcecode.c.objc; path = MASLayoutConstraint.m; sourceTree = "<group>"; };
		0C0D41051DDEDAF10067058F /* Masonry.h */ = {isa = PBXFileReference; fileEncoding = 4; lastKnownFileType = sourcecode.c.h; path = Masonry.h; sourceTree = "<group>"; };
		0C0D41061DDEDAF10067058F /* MASUtilities.h */ = {isa = PBXFileReference; fileEncoding = 4; lastKnownFileType = sourcecode.c.h; path = MASUtilities.h; sourceTree = "<group>"; };
		0C0D41071DDEDAF10067058F /* MASViewAttribute.h */ = {isa = PBXFileReference; fileEncoding = 4; lastKnownFileType = sourcecode.c.h; path = MASViewAttribute.h; sourceTree = "<group>"; };
		0C0D41081DDEDAF10067058F /* MASViewAttribute.m */ = {isa = PBXFileReference; fileEncoding = 4; lastKnownFileType = sourcecode.c.objc; path = MASViewAttribute.m; sourceTree = "<group>"; };
		0C0D41091DDEDAF10067058F /* MASViewConstraint.h */ = {isa = PBXFileReference; fileEncoding = 4; lastKnownFileType = sourcecode.c.h; path = MASViewConstraint.h; sourceTree = "<group>"; };
		0C0D410A1DDEDAF10067058F /* MASViewConstraint.m */ = {isa = PBXFileReference; fileEncoding = 4; lastKnownFileType = sourcecode.c.objc; path = MASViewConstraint.m; sourceTree = "<group>"; };
		0C0D410B1DDEDAF10067058F /* NSArray+MASAdditions.h */ = {isa = PBXFileReference; fileEncoding = 4; lastKnownFileType = sourcecode.c.h; path = "NSArray+MASAdditions.h"; sourceTree = "<group>"; };
		0C0D410C1DDEDAF10067058F /* NSArray+MASAdditions.m */ = {isa = PBXFileReference; fileEncoding = 4; lastKnownFileType = sourcecode.c.objc; path = "NSArray+MASAdditions.m"; sourceTree = "<group>"; };
		0C0D410D1DDEDAF10067058F /* NSArray+MASShorthandAdditions.h */ = {isa = PBXFileReference; fileEncoding = 4; lastKnownFileType = sourcecode.c.h; path = "NSArray+MASShorthandAdditions.h"; sourceTree = "<group>"; };
		0C0D410E1DDEDAF10067058F /* NSLayoutConstraint+MASDebugAdditions.h */ = {isa = PBXFileReference; fileEncoding = 4; lastKnownFileType = sourcecode.c.h; path = "NSLayoutConstraint+MASDebugAdditions.h"; sourceTree = "<group>"; };
		0C0D410F1DDEDAF10067058F /* NSLayoutConstraint+MASDebugAdditions.m */ = {isa = PBXFileReference; fileEncoding = 4; lastKnownFileType = sourcecode.c.objc; path = "NSLayoutConstraint+MASDebugAdditions.m"; sourceTree = "<group>"; };
		0C0D41101DDEDAF10067058F /* View+MASAdditions.h */ = {isa = PBXFileReference; fileEncoding = 4; lastKnownFileType = sourcecode.c.h; path = "View+MASAdditions.h"; sourceTree = "<group>"; };
		0C0D41111DDEDAF10067058F /* View+MASAdditions.m */ = {isa = PBXFileReference; fileEncoding = 4; lastKnownFileType = sourcecode.c.objc; path = "View+MASAdditions.m"; sourceTree = "<group>"; };
		0C0D41121DDEDAF10067058F /* View+MASShorthandAdditions.h */ = {isa = PBXFileReference; fileEncoding = 4; lastKnownFileType = sourcecode.c.h; path = "View+MASShorthandAdditions.h"; sourceTree = "<group>"; };
		0C0D41131DDEDAF10067058F /* ViewController+MASAdditions.h */ = {isa = PBXFileReference; fileEncoding = 4; lastKnownFileType = sourcecode.c.h; path = "ViewController+MASAdditions.h"; sourceTree = "<group>"; };
		0C0D41141DDEDAF10067058F /* ViewController+MASAdditions.m */ = {isa = PBXFileReference; fileEncoding = 4; lastKnownFileType = sourcecode.c.objc; path = "ViewController+MASAdditions.m"; sourceTree = "<group>"; };
		0C0D41151DDEDAF10067058F /* MBProgressHUD.h */ = {isa = PBXFileReference; fileEncoding = 4; lastKnownFileType = sourcecode.c.h; path = MBProgressHUD.h; sourceTree = "<group>"; };
		0C0D41161DDEDAF10067058F /* MBProgressHUD.m */ = {isa = PBXFileReference; fileEncoding = 4; lastKnownFileType = sourcecode.c.objc; path = MBProgressHUD.m; sourceTree = "<group>"; };
		0C0D41181DDEDAF10067058F /* MJDictionaryCache.h */ = {isa = PBXFileReference; fileEncoding = 4; lastKnownFileType = sourcecode.c.h; path = MJDictionaryCache.h; sourceTree = "<group>"; };
		0C0D41191DDEDAF10067058F /* MJDictionaryCache.m */ = {isa = PBXFileReference; fileEncoding = 4; lastKnownFileType = sourcecode.c.objc; path = MJDictionaryCache.m; sourceTree = "<group>"; };
		0C0D411A1DDEDAF10067058F /* MJExtension.h */ = {isa = PBXFileReference; fileEncoding = 4; lastKnownFileType = sourcecode.c.h; path = MJExtension.h; sourceTree = "<group>"; };
		0C0D411B1DDEDAF10067058F /* MJExtensionConst.h */ = {isa = PBXFileReference; fileEncoding = 4; lastKnownFileType = sourcecode.c.h; path = MJExtensionConst.h; sourceTree = "<group>"; };
		0C0D411C1DDEDAF10067058F /* MJExtensionConst.m */ = {isa = PBXFileReference; fileEncoding = 4; lastKnownFileType = sourcecode.c.objc; path = MJExtensionConst.m; sourceTree = "<group>"; };
		0C0D411D1DDEDAF10067058F /* MJFoundation.h */ = {isa = PBXFileReference; fileEncoding = 4; lastKnownFileType = sourcecode.c.h; path = MJFoundation.h; sourceTree = "<group>"; };
		0C0D411E1DDEDAF10067058F /* MJFoundation.m */ = {isa = PBXFileReference; fileEncoding = 4; lastKnownFileType = sourcecode.c.objc; path = MJFoundation.m; sourceTree = "<group>"; };
		0C0D411F1DDEDAF10067058F /* MJProperty.h */ = {isa = PBXFileReference; fileEncoding = 4; lastKnownFileType = sourcecode.c.h; path = MJProperty.h; sourceTree = "<group>"; };
		0C0D41201DDEDAF10067058F /* MJProperty.m */ = {isa = PBXFileReference; fileEncoding = 4; lastKnownFileType = sourcecode.c.objc; path = MJProperty.m; sourceTree = "<group>"; };
		0C0D41211DDEDAF10067058F /* MJPropertyKey.h */ = {isa = PBXFileReference; fileEncoding = 4; lastKnownFileType = sourcecode.c.h; path = MJPropertyKey.h; sourceTree = "<group>"; };
		0C0D41221DDEDAF10067058F /* MJPropertyKey.m */ = {isa = PBXFileReference; fileEncoding = 4; lastKnownFileType = sourcecode.c.objc; path = MJPropertyKey.m; sourceTree = "<group>"; };
		0C0D41231DDEDAF10067058F /* MJPropertyType.h */ = {isa = PBXFileReference; fileEncoding = 4; lastKnownFileType = sourcecode.c.h; path = MJPropertyType.h; sourceTree = "<group>"; };
		0C0D41241DDEDAF10067058F /* MJPropertyType.m */ = {isa = PBXFileReference; fileEncoding = 4; lastKnownFileType = sourcecode.c.objc; path = MJPropertyType.m; sourceTree = "<group>"; };
		0C0D41251DDEDAF10067058F /* NSObject+MJClass.h */ = {isa = PBXFileReference; fileEncoding = 4; lastKnownFileType = sourcecode.c.h; path = "NSObject+MJClass.h"; sourceTree = "<group>"; };
		0C0D41261DDEDAF10067058F /* NSObject+MJClass.m */ = {isa = PBXFileReference; fileEncoding = 4; lastKnownFileType = sourcecode.c.objc; path = "NSObject+MJClass.m"; sourceTree = "<group>"; };
		0C0D41271DDEDAF10067058F /* NSObject+MJCoding.h */ = {isa = PBXFileReference; fileEncoding = 4; lastKnownFileType = sourcecode.c.h; path = "NSObject+MJCoding.h"; sourceTree = "<group>"; };
		0C0D41281DDEDAF10067058F /* NSObject+MJCoding.m */ = {isa = PBXFileReference; fileEncoding = 4; lastKnownFileType = sourcecode.c.objc; path = "NSObject+MJCoding.m"; sourceTree = "<group>"; };
		0C0D41291DDEDAF10067058F /* NSObject+MJKeyValue.h */ = {isa = PBXFileReference; fileEncoding = 4; lastKnownFileType = sourcecode.c.h; path = "NSObject+MJKeyValue.h"; sourceTree = "<group>"; };
		0C0D412A1DDEDAF10067058F /* NSObject+MJKeyValue.m */ = {isa = PBXFileReference; fileEncoding = 4; lastKnownFileType = sourcecode.c.objc; path = "NSObject+MJKeyValue.m"; sourceTree = "<group>"; };
		0C0D412B1DDEDAF10067058F /* NSObject+MJProperty.h */ = {isa = PBXFileReference; fileEncoding = 4; lastKnownFileType = sourcecode.c.h; path = "NSObject+MJProperty.h"; sourceTree = "<group>"; };
		0C0D412C1DDEDAF10067058F /* NSObject+MJProperty.m */ = {isa = PBXFileReference; fileEncoding = 4; lastKnownFileType = sourcecode.c.objc; path = "NSObject+MJProperty.m"; sourceTree = "<group>"; };
		0C0D412D1DDEDAF10067058F /* NSString+MJExtension.h */ = {isa = PBXFileReference; fileEncoding = 4; lastKnownFileType = sourcecode.c.h; path = "NSString+MJExtension.h"; sourceTree = "<group>"; };
		0C0D412E1DDEDAF10067058F /* NSString+MJExtension.m */ = {isa = PBXFileReference; fileEncoding = 4; lastKnownFileType = sourcecode.c.objc; path = "NSString+MJExtension.m"; sourceTree = "<group>"; };
		0C0D41671DDEDAF10067058F /* MKAnnotationView+WebCache.h */ = {isa = PBXFileReference; fileEncoding = 4; lastKnownFileType = sourcecode.c.h; path = "MKAnnotationView+WebCache.h"; sourceTree = "<group>"; };
		0C0D41681DDEDAF10067058F /* MKAnnotationView+WebCache.m */ = {isa = PBXFileReference; fileEncoding = 4; lastKnownFileType = sourcecode.c.objc; path = "MKAnnotationView+WebCache.m"; sourceTree = "<group>"; };
		0C0D41691DDEDAF10067058F /* NSData+ImageContentType.h */ = {isa = PBXFileReference; fileEncoding = 4; lastKnownFileType = sourcecode.c.h; path = "NSData+ImageContentType.h"; sourceTree = "<group>"; };
		0C0D416A1DDEDAF10067058F /* NSData+ImageContentType.m */ = {isa = PBXFileReference; fileEncoding = 4; lastKnownFileType = sourcecode.c.objc; path = "NSData+ImageContentType.m"; sourceTree = "<group>"; };
		0C0D416B1DDEDAF10067058F /* SDImageCache.h */ = {isa = PBXFileReference; fileEncoding = 4; lastKnownFileType = sourcecode.c.h; path = SDImageCache.h; sourceTree = "<group>"; };
		0C0D416C1DDEDAF10067058F /* SDImageCache.m */ = {isa = PBXFileReference; fileEncoding = 4; lastKnownFileType = sourcecode.c.objc; path = SDImageCache.m; sourceTree = "<group>"; };
		0C0D416D1DDEDAF10067058F /* SDWebImageCompat.h */ = {isa = PBXFileReference; fileEncoding = 4; lastKnownFileType = sourcecode.c.h; path = SDWebImageCompat.h; sourceTree = "<group>"; };
		0C0D416E1DDEDAF10067058F /* SDWebImageCompat.m */ = {isa = PBXFileReference; fileEncoding = 4; lastKnownFileType = sourcecode.c.objc; path = SDWebImageCompat.m; sourceTree = "<group>"; };
		0C0D416F1DDEDAF10067058F /* SDWebImageDecoder.h */ = {isa = PBXFileReference; fileEncoding = 4; lastKnownFileType = sourcecode.c.h; path = SDWebImageDecoder.h; sourceTree = "<group>"; };
		0C0D41701DDEDAF10067058F /* SDWebImageDecoder.m */ = {isa = PBXFileReference; fileEncoding = 4; lastKnownFileType = sourcecode.c.objc; path = SDWebImageDecoder.m; sourceTree = "<group>"; };
		0C0D41711DDEDAF10067058F /* SDWebImageDownloader.h */ = {isa = PBXFileReference; fileEncoding = 4; lastKnownFileType = sourcecode.c.h; path = SDWebImageDownloader.h; sourceTree = "<group>"; };
		0C0D41721DDEDAF10067058F /* SDWebImageDownloader.m */ = {isa = PBXFileReference; fileEncoding = 4; lastKnownFileType = sourcecode.c.objc; path = SDWebImageDownloader.m; sourceTree = "<group>"; };
		0C0D41731DDEDAF10067058F /* SDWebImageDownloaderOperation.h */ = {isa = PBXFileReference; fileEncoding = 4; lastKnownFileType = sourcecode.c.h; path = SDWebImageDownloaderOperation.h; sourceTree = "<group>"; };
		0C0D41741DDEDAF10067058F /* SDWebImageDownloaderOperation.m */ = {isa = PBXFileReference; fileEncoding = 4; lastKnownFileType = sourcecode.c.objc; path = SDWebImageDownloaderOperation.m; sourceTree = "<group>"; };
		0C0D41751DDEDAF10067058F /* SDWebImageManager.h */ = {isa = PBXFileReference; fileEncoding = 4; lastKnownFileType = sourcecode.c.h; path = SDWebImageManager.h; sourceTree = "<group>"; };
		0C0D41761DDEDAF10067058F /* SDWebImageManager.m */ = {isa = PBXFileReference; fileEncoding = 4; lastKnownFileType = sourcecode.c.objc; path = SDWebImageManager.m; sourceTree = "<group>"; };
		0C0D41771DDEDAF10067058F /* SDWebImageOperation.h */ = {isa = PBXFileReference; fileEncoding = 4; lastKnownFileType = sourcecode.c.h; path = SDWebImageOperation.h; sourceTree = "<group>"; };
		0C0D41781DDEDAF10067058F /* SDWebImagePrefetcher.h */ = {isa = PBXFileReference; fileEncoding = 4; lastKnownFileType = sourcecode.c.h; path = SDWebImagePrefetcher.h; sourceTree = "<group>"; };
		0C0D41791DDEDAF10067058F /* SDWebImagePrefetcher.m */ = {isa = PBXFileReference; fileEncoding = 4; lastKnownFileType = sourcecode.c.objc; path = SDWebImagePrefetcher.m; sourceTree = "<group>"; };
		0C0D417A1DDEDAF10067058F /* UIButton+WebCache.h */ = {isa = PBXFileReference; fileEncoding = 4; lastKnownFileType = sourcecode.c.h; path = "UIButton+WebCache.h"; sourceTree = "<group>"; };
		0C0D417B1DDEDAF10067058F /* UIButton+WebCache.m */ = {isa = PBXFileReference; fileEncoding = 4; lastKnownFileType = sourcecode.c.objc; path = "UIButton+WebCache.m"; sourceTree = "<group>"; };
		0C0D417C1DDEDAF10067058F /* UIImage+GIF.h */ = {isa = PBXFileReference; fileEncoding = 4; lastKnownFileType = sourcecode.c.h; path = "UIImage+GIF.h"; sourceTree = "<group>"; };
		0C0D417D1DDEDAF10067058F /* UIImage+GIF.m */ = {isa = PBXFileReference; fileEncoding = 4; lastKnownFileType = sourcecode.c.objc; path = "UIImage+GIF.m"; sourceTree = "<group>"; };
		0C0D417E1DDEDAF10067058F /* UIImage+MultiFormat.h */ = {isa = PBXFileReference; fileEncoding = 4; lastKnownFileType = sourcecode.c.h; path = "UIImage+MultiFormat.h"; sourceTree = "<group>"; };
		0C0D417F1DDEDAF10067058F /* UIImage+MultiFormat.m */ = {isa = PBXFileReference; fileEncoding = 4; lastKnownFileType = sourcecode.c.objc; path = "UIImage+MultiFormat.m"; sourceTree = "<group>"; };
		0C0D41801DDEDAF10067058F /* UIImage+WebP.h */ = {isa = PBXFileReference; fileEncoding = 4; lastKnownFileType = sourcecode.c.h; path = "UIImage+WebP.h"; sourceTree = "<group>"; };
		0C0D41811DDEDAF10067058F /* UIImage+WebP.m */ = {isa = PBXFileReference; fileEncoding = 4; lastKnownFileType = sourcecode.c.objc; path = "UIImage+WebP.m"; sourceTree = "<group>"; };
		0C0D41821DDEDAF10067058F /* UIImageView+HighlightedWebCache.h */ = {isa = PBXFileReference; fileEncoding = 4; lastKnownFileType = sourcecode.c.h; path = "UIImageView+HighlightedWebCache.h"; sourceTree = "<group>"; };
		0C0D41831DDEDAF10067058F /* UIImageView+HighlightedWebCache.m */ = {isa = PBXFileReference; fileEncoding = 4; lastKnownFileType = sourcecode.c.objc; path = "UIImageView+HighlightedWebCache.m"; sourceTree = "<group>"; };
		0C0D41841DDEDAF10067058F /* UIImageView+WebCache.h */ = {isa = PBXFileReference; fileEncoding = 4; lastKnownFileType = sourcecode.c.h; path = "UIImageView+WebCache.h"; sourceTree = "<group>"; };
		0C0D41851DDEDAF10067058F /* UIImageView+WebCache.m */ = {isa = PBXFileReference; fileEncoding = 4; lastKnownFileType = sourcecode.c.objc; path = "UIImageView+WebCache.m"; sourceTree = "<group>"; };
		0C0D41861DDEDAF10067058F /* UIView+WebCacheOperation.h */ = {isa = PBXFileReference; fileEncoding = 4; lastKnownFileType = sourcecode.c.h; path = "UIView+WebCacheOperation.h"; sourceTree = "<group>"; };
		0C0D41871DDEDAF10067058F /* UIView+WebCacheOperation.m */ = {isa = PBXFileReference; fileEncoding = 4; lastKnownFileType = sourcecode.c.objc; path = "UIView+WebCacheOperation.m"; sourceTree = "<group>"; };
		0C0D41E01DDEE4790067058F /* GSLiveController.h */ = {isa = PBXFileReference; fileEncoding = 4; lastKnownFileType = sourcecode.c.h; path = GSLiveController.h; sourceTree = "<group>"; };
		0C0D41E11DDEE4790067058F /* GSLiveController.m */ = {isa = PBXFileReference; fileEncoding = 4; lastKnownFileType = sourcecode.c.objc; path = GSLiveController.m; sourceTree = "<group>"; };
		0C0D41E31DDEE4990067058F /* GSMeController.h */ = {isa = PBXFileReference; fileEncoding = 4; lastKnownFileType = sourcecode.c.h; path = GSMeController.h; sourceTree = "<group>"; };
		0C0D41E41DDEE4990067058F /* GSMeController.m */ = {isa = PBXFileReference; fileEncoding = 4; lastKnownFileType = sourcecode.c.objc; path = GSMeController.m; sourceTree = "<group>"; };
		0C0D41E61DDEE4B10067058F /* GSNewController.h */ = {isa = PBXFileReference; fileEncoding = 4; lastKnownFileType = sourcecode.c.h; path = GSNewController.h; sourceTree = "<group>"; };
		0C0D41E71DDEE4B10067058F /* GSNewController.m */ = {isa = PBXFileReference; fileEncoding = 4; lastKnownFileType = sourcecode.c.objc; path = GSNewController.m; sourceTree = "<group>"; };
		0C0D41E91DDEE4D90067058F /* GSTopicController.h */ = {isa = PBXFileReference; fileEncoding = 4; lastKnownFileType = sourcecode.c.h; path = GSTopicController.h; sourceTree = "<group>"; };
		0C0D41EA1DDEE4D90067058F /* GSTopicController.m */ = {isa = PBXFileReference; fileEncoding = 4; lastKnownFileType = sourcecode.c.objc; path = GSTopicController.m; sourceTree = "<group>"; };
		0C0D41EF1DDEE61B0067058F /* GSMainNews.h */ = {isa = PBXFileReference; fileEncoding = 4; lastKnownFileType = sourcecode.c.h; path = GSMainNews.h; sourceTree = "<group>"; };
		0C0D41F01DDEE61B0067058F /* GSMainNews.m */ = {isa = PBXFileReference; fileEncoding = 4; lastKnownFileType = sourcecode.c.objc; path = GSMainNews.m; sourceTree = "<group>"; };
		0C0D41F41DDEF8940067058F /* PrefixHeader.pch */ = {isa = PBXFileReference; lastKnownFileType = sourcecode.c.h; path = PrefixHeader.pch; sourceTree = "<group>"; };
		0C0D41F61DDEF9920067058F /* Config.h */ = {isa = PBXFileReference; lastKnownFileType = sourcecode.c.h; path = Config.h; sourceTree = "<group>"; };
		0C3E2DFC1DDD438F004E3F0A /* GSLaunchAdViewController.h */ = {isa = PBXFileReference; fileEncoding = 4; lastKnownFileType = sourcecode.c.h; path = GSLaunchAdViewController.h; sourceTree = "<group>"; };
		0C3E2DFD1DDD438F004E3F0A /* GSLaunchAdViewController.m */ = {isa = PBXFileReference; fileEncoding = 4; lastKnownFileType = sourcecode.c.objc; path = GSLaunchAdViewController.m; sourceTree = "<group>"; };
		0C62ECE71DDC365C004ED608 /* Assets.xcassets */ = {isa = PBXFileReference; lastKnownFileType = folder.assetcatalog; path = Assets.xcassets; sourceTree = "<group>"; };
		0CA5B91C1DDEA7FB0069CFAE /* SkipView.h */ = {isa = PBXFileReference; fileEncoding = 4; lastKnownFileType = sourcecode.c.h; path = SkipView.h; sourceTree = "<group>"; };
		0CA5B91D1DDEA7FB0069CFAE /* SkipView.m */ = {isa = PBXFileReference; fileEncoding = 4; lastKnownFileType = sourcecode.c.objc; path = SkipView.m; sourceTree = "<group>"; };
		0CC0481D1DDC338100E2BB85 /* GS_NEWS.app */ = {isa = PBXFileReference; explicitFileType = wrapper.application; includeInIndex = 0; path = GS_NEWS.app; sourceTree = BUILT_PRODUCTS_DIR; };
		0CC048211DDC338100E2BB85 /* main.m */ = {isa = PBXFileReference; lastKnownFileType = sourcecode.c.objc; path = main.m; sourceTree = "<group>"; };
		0CC048231DDC338100E2BB85 /* AppDelegate.h */ = {isa = PBXFileReference; lastKnownFileType = sourcecode.c.h; path = AppDelegate.h; sourceTree = "<group>"; };
		0CC048241DDC338100E2BB85 /* AppDelegate.m */ = {isa = PBXFileReference; lastKnownFileType = sourcecode.c.objc; path = AppDelegate.m; sourceTree = "<group>"; };
		0CC048311DDC338100E2BB85 /* Info.plist */ = {isa = PBXFileReference; lastKnownFileType = text.plist.xml; path = Info.plist; sourceTree = "<group>"; };
		0CC048361DDC338100E2BB85 /* GS_NEWSTests.xctest */ = {isa = PBXFileReference; explicitFileType = wrapper.cfbundle; includeInIndex = 0; path = GS_NEWSTests.xctest; sourceTree = BUILT_PRODUCTS_DIR; };
		0CC0483A1DDC338100E2BB85 /* GS_NEWSTests.m */ = {isa = PBXFileReference; lastKnownFileType = sourcecode.c.objc; path = GS_NEWSTests.m; sourceTree = "<group>"; };
		0CC0483C1DDC338100E2BB85 /* Info.plist */ = {isa = PBXFileReference; lastKnownFileType = text.plist.xml; path = Info.plist; sourceTree = "<group>"; };
		0CC048411DDC338100E2BB85 /* GS_NEWSUITests.xctest */ = {isa = PBXFileReference; explicitFileType = wrapper.cfbundle; includeInIndex = 0; path = GS_NEWSUITests.xctest; sourceTree = BUILT_PRODUCTS_DIR; };
		0CC048451DDC338100E2BB85 /* GS_NEWSUITests.m */ = {isa = PBXFileReference; lastKnownFileType = sourcecode.c.objc; path = GS_NEWSUITests.m; sourceTree = "<group>"; };
		0CC048471DDC338100E2BB85 /* Info.plist */ = {isa = PBXFileReference; lastKnownFileType = text.plist.xml; path = Info.plist; sourceTree = "<group>"; };
/* End PBXFileReference section */

/* Begin PBXFrameworksBuildPhase section */
		0CC0481A1DDC338100E2BB85 /* Frameworks */ = {
			isa = PBXFrameworksBuildPhase;
			buildActionMask = 2147483647;
			files = (
			);
			runOnlyForDeploymentPostprocessing = 0;
		};
		0CC048331DDC338100E2BB85 /* Frameworks */ = {
			isa = PBXFrameworksBuildPhase;
			buildActionMask = 2147483647;
			files = (
			);
			runOnlyForDeploymentPostprocessing = 0;
		};
		0CC0483E1DDC338100E2BB85 /* Frameworks */ = {
			isa = PBXFrameworksBuildPhase;
			buildActionMask = 2147483647;
			files = (
			);
			runOnlyForDeploymentPostprocessing = 0;
		};
/* End PBXFrameworksBuildPhase section */

/* Begin PBXGroup section */
		0C0D40DF1DDEDAB30067058F /* lib */ = {
			isa = PBXGroup;
			children = (
				0C0D40E01DDEDAF10067058F /* AFNetworking */,
				0C0D40FA1DDEDAF10067058F /* Masonry */,
				0C0D41151DDEDAF10067058F /* MBProgressHUD.h */,
				0C0D41161DDEDAF10067058F /* MBProgressHUD.m */,
				0C0D41171DDEDAF10067058F /* MJExtension */,
				0C0D41661DDEDAF10067058F /* SDWebImage */,
			);
			path = lib;
			sourceTree = "<group>";
		};
		0C0D40E01DDEDAF10067058F /* AFNetworking */ = {
			isa = PBXGroup;
			children = (
				0C0D40E11DDEDAF10067058F /* AFHTTPSessionManager.h */,
				0C0D40E21DDEDAF10067058F /* AFHTTPSessionManager.m */,
				0C0D40E31DDEDAF10067058F /* AFNetworking.h */,
				0C0D40E41DDEDAF10067058F /* AFNetworkReachabilityManager.h */,
				0C0D40E51DDEDAF10067058F /* AFNetworkReachabilityManager.m */,
				0C0D40E61DDEDAF10067058F /* AFSecurityPolicy.h */,
				0C0D40E71DDEDAF10067058F /* AFSecurityPolicy.m */,
				0C0D40E81DDEDAF10067058F /* AFURLRequestSerialization.h */,
				0C0D40E91DDEDAF10067058F /* AFURLRequestSerialization.m */,
				0C0D40EA1DDEDAF10067058F /* AFURLResponseSerialization.h */,
				0C0D40EB1DDEDAF10067058F /* AFURLResponseSerialization.m */,
				0C0D40EC1DDEDAF10067058F /* AFURLSessionManager.h */,
				0C0D40ED1DDEDAF10067058F /* AFURLSessionManager.m */,
			);
			path = AFNetworking;
			sourceTree = "<group>";
		};
		0C0D40FA1DDEDAF10067058F /* Masonry */ = {
			isa = PBXGroup;
			children = (
				0C0D40FB1DDEDAF10067058F /* Info.plist */,
				0C0D40FC1DDEDAF10067058F /* MASCompositeConstraint.h */,
				0C0D40FD1DDEDAF10067058F /* MASCompositeConstraint.m */,
				0C0D40FE1DDEDAF10067058F /* MASConstraint+Private.h */,
				0C0D40FF1DDEDAF10067058F /* MASConstraint.h */,
				0C0D41001DDEDAF10067058F /* MASConstraint.m */,
				0C0D41011DDEDAF10067058F /* MASConstraintMaker.h */,
				0C0D41021DDEDAF10067058F /* MASConstraintMaker.m */,
				0C0D41031DDEDAF10067058F /* MASLayoutConstraint.h */,
				0C0D41041DDEDAF10067058F /* MASLayoutConstraint.m */,
				0C0D41051DDEDAF10067058F /* Masonry.h */,
				0C0D41061DDEDAF10067058F /* MASUtilities.h */,
				0C0D41071DDEDAF10067058F /* MASViewAttribute.h */,
				0C0D41081DDEDAF10067058F /* MASViewAttribute.m */,
				0C0D41091DDEDAF10067058F /* MASViewConstraint.h */,
				0C0D410A1DDEDAF10067058F /* MASViewConstraint.m */,
				0C0D410B1DDEDAF10067058F /* NSArray+MASAdditions.h */,
				0C0D410C1DDEDAF10067058F /* NSArray+MASAdditions.m */,
				0C0D410D1DDEDAF10067058F /* NSArray+MASShorthandAdditions.h */,
				0C0D410E1DDEDAF10067058F /* NSLayoutConstraint+MASDebugAdditions.h */,
				0C0D410F1DDEDAF10067058F /* NSLayoutConstraint+MASDebugAdditions.m */,
				0C0D41101DDEDAF10067058F /* View+MASAdditions.h */,
				0C0D41111DDEDAF10067058F /* View+MASAdditions.m */,
				0C0D41121DDEDAF10067058F /* View+MASShorthandAdditions.h */,
				0C0D41131DDEDAF10067058F /* ViewController+MASAdditions.h */,
				0C0D41141DDEDAF10067058F /* ViewController+MASAdditions.m */,
			);
			path = Masonry;
			sourceTree = "<group>";
		};
		0C0D41171DDEDAF10067058F /* MJExtension */ = {
			isa = PBXGroup;
			children = (
				0C0D41181DDEDAF10067058F /* MJDictionaryCache.h */,
				0C0D41191DDEDAF10067058F /* MJDictionaryCache.m */,
				0C0D411A1DDEDAF10067058F /* MJExtension.h */,
				0C0D411B1DDEDAF10067058F /* MJExtensionConst.h */,
				0C0D411C1DDEDAF10067058F /* MJExtensionConst.m */,
				0C0D411D1DDEDAF10067058F /* MJFoundation.h */,
				0C0D411E1DDEDAF10067058F /* MJFoundation.m */,
				0C0D411F1DDEDAF10067058F /* MJProperty.h */,
				0C0D41201DDEDAF10067058F /* MJProperty.m */,
				0C0D41211DDEDAF10067058F /* MJPropertyKey.h */,
				0C0D41221DDEDAF10067058F /* MJPropertyKey.m */,
				0C0D41231DDEDAF10067058F /* MJPropertyType.h */,
				0C0D41241DDEDAF10067058F /* MJPropertyType.m */,
				0C0D41251DDEDAF10067058F /* NSObject+MJClass.h */,
				0C0D41261DDEDAF10067058F /* NSObject+MJClass.m */,
				0C0D41271DDEDAF10067058F /* NSObject+MJCoding.h */,
				0C0D41281DDEDAF10067058F /* NSObject+MJCoding.m */,
				0C0D41291DDEDAF10067058F /* NSObject+MJKeyValue.h */,
				0C0D412A1DDEDAF10067058F /* NSObject+MJKeyValue.m */,
				0C0D412B1DDEDAF10067058F /* NSObject+MJProperty.h */,
				0C0D412C1DDEDAF10067058F /* NSObject+MJProperty.m */,
				0C0D412D1DDEDAF10067058F /* NSString+MJExtension.h */,
				0C0D412E1DDEDAF10067058F /* NSString+MJExtension.m */,
			);
			path = MJExtension;
			sourceTree = "<group>";
		};
		0C0D41661DDEDAF10067058F /* SDWebImage */ = {
			isa = PBXGroup;
			children = (
				0C0D41671DDEDAF10067058F /* MKAnnotationView+WebCache.h */,
				0C0D41681DDEDAF10067058F /* MKAnnotationView+WebCache.m */,
				0C0D41691DDEDAF10067058F /* NSData+ImageContentType.h */,
				0C0D416A1DDEDAF10067058F /* NSData+ImageContentType.m */,
				0C0D416B1DDEDAF10067058F /* SDImageCache.h */,
				0C0D416C1DDEDAF10067058F /* SDImageCache.m */,
				0C0D416D1DDEDAF10067058F /* SDWebImageCompat.h */,
				0C0D416E1DDEDAF10067058F /* SDWebImageCompat.m */,
				0C0D416F1DDEDAF10067058F /* SDWebImageDecoder.h */,
				0C0D41701DDEDAF10067058F /* SDWebImageDecoder.m */,
				0C0D41711DDEDAF10067058F /* SDWebImageDownloader.h */,
				0C0D41721DDEDAF10067058F /* SDWebImageDownloader.m */,
				0C0D41731DDEDAF10067058F /* SDWebImageDownloaderOperation.h */,
				0C0D41741DDEDAF10067058F /* SDWebImageDownloaderOperation.m */,
				0C0D41751DDEDAF10067058F /* SDWebImageManager.h */,
				0C0D41761DDEDAF10067058F /* SDWebImageManager.m */,
				0C0D41771DDEDAF10067058F /* SDWebImageOperation.h */,
				0C0D41781DDEDAF10067058F /* SDWebImagePrefetcher.h */,
				0C0D41791DDEDAF10067058F /* SDWebImagePrefetcher.m */,
				0C0D417A1DDEDAF10067058F /* UIButton+WebCache.h */,
				0C0D417B1DDEDAF10067058F /* UIButton+WebCache.m */,
				0C0D417C1DDEDAF10067058F /* UIImage+GIF.h */,
				0C0D417D1DDEDAF10067058F /* UIImage+GIF.m */,
				0C0D417E1DDEDAF10067058F /* UIImage+MultiFormat.h */,
				0C0D417F1DDEDAF10067058F /* UIImage+MultiFormat.m */,
				0C0D41801DDEDAF10067058F /* UIImage+WebP.h */,
				0C0D41811DDEDAF10067058F /* UIImage+WebP.m */,
				0C0D41821DDEDAF10067058F /* UIImageView+HighlightedWebCache.h */,
				0C0D41831DDEDAF10067058F /* UIImageView+HighlightedWebCache.m */,
				0C0D41841DDEDAF10067058F /* UIImageView+WebCache.h */,
				0C0D41851DDEDAF10067058F /* UIImageView+WebCache.m */,
				0C0D41861DDEDAF10067058F /* UIView+WebCacheOperation.h */,
				0C0D41871DDEDAF10067058F /* UIView+WebCacheOperation.m */,
			);
			path = SDWebImage;
			sourceTree = "<group>";
		};
		0C0D41D81DDEE3DD0067058F /* GS_Live */ = {
			isa = PBXGroup;
			children = (
				0C0D41E01DDEE4790067058F /* GSLiveController.h */,
				0C0D41E11DDEE4790067058F /* GSLiveController.m */,
			);
			path = GS_Live;
			sourceTree = "<group>";
		};
		0C0D41D91DDEE3DD0067058F /* GS_Me */ = {
			isa = PBXGroup;
			children = (
				0C0D41E31DDEE4990067058F /* GSMeController.h */,
				0C0D41E41DDEE4990067058F /* GSMeController.m */,
			);
			path = GS_Me;
			sourceTree = "<group>";
		};
		0C0D41DA1DDEE3DD0067058F /* GS_News */ = {
			isa = PBXGroup;
			children = (
				0C0D41E61DDEE4B10067058F /* GSNewController.h */,
				0C0D41E71DDEE4B10067058F /* GSNewController.m */,
			);
			path = GS_News;
			sourceTree = "<group>";
		};
		0C0D41DB1DDEE3DD0067058F /* GS_Topic */ = {
			isa = PBXGroup;
			children = (
				0C0D41E91DDEE4D90067058F /* GSTopicController.h */,
				0C0D41EA1DDEE4D90067058F /* GSTopicController.m */,
			);
			path = GS_Topic;
			sourceTree = "<group>";
		};
		0C0D41DC1DDEE4120067058F /* GS_Main */ = {
			isa = PBXGroup;
			children = (
				0C0D41EF1DDEE61B0067058F /* GSMainNews.h */,
				0C0D41F01DDEE61B0067058F /* GSMainNews.m */,
			);
			path = GS_Main;
			sourceTree = "<group>";
		};
		0C3E2DFB1DDD4353004E3F0A /* GS_LaunchAd */ = {
			isa = PBXGroup;
			children = (
				0C3E2DFC1DDD438F004E3F0A /* GSLaunchAdViewController.h */,
				0C3E2DFD1DDD438F004E3F0A /* GSLaunchAdViewController.m */,
				0CA5B91C1DDEA7FB0069CFAE /* SkipView.h */,
				0CA5B91D1DDEA7FB0069CFAE /* SkipView.m */,
			);
			path = GS_LaunchAd;
			sourceTree = "<group>";
		};
		0CC048141DDC338100E2BB85 = {
			isa = PBXGroup;
			children = (
				0CC0481F1DDC338100E2BB85 /* GS_NEWS */,
				0CC048391DDC338100E2BB85 /* GS_NEWSTests */,
				0CC048441DDC338100E2BB85 /* GS_NEWSUITests */,
				0CC0481E1DDC338100E2BB85 /* Products */,
			);
			sourceTree = "<group>";
		};
		0CC0481E1DDC338100E2BB85 /* Products */ = {
			isa = PBXGroup;
			children = (
				0CC0481D1DDC338100E2BB85 /* GS_NEWS.app */,
				0CC048361DDC338100E2BB85 /* GS_NEWSTests.xctest */,
				0CC048411DDC338100E2BB85 /* GS_NEWSUITests.xctest */,
			);
			name = Products;
			sourceTree = "<group>";
		};
		0CC0481F1DDC338100E2BB85 /* GS_NEWS */ = {
			isa = PBXGroup;
			children = (
				0C0D41DC1DDEE4120067058F /* GS_Main */,
				0C0D41D81DDEE3DD0067058F /* GS_Live */,
				0C0D41D91DDEE3DD0067058F /* GS_Me */,
				0C0D41DA1DDEE3DD0067058F /* GS_News */,
				0C0D41DB1DDEE3DD0067058F /* GS_Topic */,
				0C0D40DF1DDEDAB30067058F /* lib */,
				0C3E2DFB1DDD4353004E3F0A /* GS_LaunchAd */,
				0CC048201DDC338100E2BB85 /* Supporting Files */,
				0C62ECE71DDC365C004ED608 /* Assets.xcassets */,
			);
			path = GS_NEWS;
			sourceTree = "<group>";
		};
		0CC048201DDC338100E2BB85 /* Supporting Files */ = {
			isa = PBXGroup;
			children = (
				0CC048231DDC338100E2BB85 /* AppDelegate.h */,
				0CC048241DDC338100E2BB85 /* AppDelegate.m */,
				0CC048211DDC338100E2BB85 /* main.m */,
				0CC048311DDC338100E2BB85 /* Info.plist */,
				0C0D41F41DDEF8940067058F /* PrefixHeader.pch */,
				0C0D41F61DDEF9920067058F /* Config.h */,
			);
			name = "Supporting Files";
			sourceTree = "<group>";
		};
		0CC048391DDC338100E2BB85 /* GS_NEWSTests */ = {
			isa = PBXGroup;
			children = (
				0CC0483A1DDC338100E2BB85 /* GS_NEWSTests.m */,
				0CC0483C1DDC338100E2BB85 /* Info.plist */,
			);
			path = GS_NEWSTests;
			sourceTree = "<group>";
		};
		0CC048441DDC338100E2BB85 /* GS_NEWSUITests */ = {
			isa = PBXGroup;
			children = (
				0CC048451DDC338100E2BB85 /* GS_NEWSUITests.m */,
				0CC048471DDC338100E2BB85 /* Info.plist */,
			);
			path = GS_NEWSUITests;
			sourceTree = "<group>";
		};
/* End PBXGroup section */

/* Begin PBXNativeTarget section */
		0CC0481C1DDC338100E2BB85 /* GS_NEWS */ = {
			isa = PBXNativeTarget;
			buildConfigurationList = 0CC0484A1DDC338100E2BB85 /* Build configuration list for PBXNativeTarget "GS_NEWS" */;
			buildPhases = (
				0CC048191DDC338100E2BB85 /* Sources */,
				0CC0481A1DDC338100E2BB85 /* Frameworks */,
				0CC0481B1DDC338100E2BB85 /* Resources */,
			);
			buildRules = (
			);
			dependencies = (
			);
			name = GS_NEWS;
			productName = GS_NEWS;
			productReference = 0CC0481D1DDC338100E2BB85 /* GS_NEWS.app */;
			productType = "com.apple.product-type.application";
		};
		0CC048351DDC338100E2BB85 /* GS_NEWSTests */ = {
			isa = PBXNativeTarget;
			buildConfigurationList = 0CC0484D1DDC338100E2BB85 /* Build configuration list for PBXNativeTarget "GS_NEWSTests" */;
			buildPhases = (
				0CC048321DDC338100E2BB85 /* Sources */,
				0CC048331DDC338100E2BB85 /* Frameworks */,
				0CC048341DDC338100E2BB85 /* Resources */,
			);
			buildRules = (
			);
			dependencies = (
				0CC048381DDC338100E2BB85 /* PBXTargetDependency */,
			);
			name = GS_NEWSTests;
			productName = GS_NEWSTests;
			productReference = 0CC048361DDC338100E2BB85 /* GS_NEWSTests.xctest */;
			productType = "com.apple.product-type.bundle.unit-test";
		};
		0CC048401DDC338100E2BB85 /* GS_NEWSUITests */ = {
			isa = PBXNativeTarget;
			buildConfigurationList = 0CC048501DDC338100E2BB85 /* Build configuration list for PBXNativeTarget "GS_NEWSUITests" */;
			buildPhases = (
				0CC0483D1DDC338100E2BB85 /* Sources */,
				0CC0483E1DDC338100E2BB85 /* Frameworks */,
				0CC0483F1DDC338100E2BB85 /* Resources */,
			);
			buildRules = (
			);
			dependencies = (
				0CC048431DDC338100E2BB85 /* PBXTargetDependency */,
			);
			name = GS_NEWSUITests;
			productName = GS_NEWSUITests;
			productReference = 0CC048411DDC338100E2BB85 /* GS_NEWSUITests.xctest */;
			productType = "com.apple.product-type.bundle.ui-testing";
		};
/* End PBXNativeTarget section */

/* Begin PBXProject section */
		0CC048151DDC338100E2BB85 /* Project object */ = {
			isa = PBXProject;
			attributes = {
				LastUpgradeCheck = 0730;
				ORGANIZATIONNAME = most;
				TargetAttributes = {
					0CC0481C1DDC338100E2BB85 = {
						CreatedOnToolsVersion = 7.3.1;
					};
					0CC048351DDC338100E2BB85 = {
						CreatedOnToolsVersion = 7.3.1;
						TestTargetID = 0CC0481C1DDC338100E2BB85;
					};
					0CC048401DDC338100E2BB85 = {
						CreatedOnToolsVersion = 7.3.1;
						TestTargetID = 0CC0481C1DDC338100E2BB85;
					};
				};
			};
			buildConfigurationList = 0CC048181DDC338100E2BB85 /* Build configuration list for PBXProject "GS_NEWS" */;
			compatibilityVersion = "Xcode 3.2";
			developmentRegion = English;
			hasScannedForEncodings = 0;
			knownRegions = (
				en,
				Base,
			);
			mainGroup = 0CC048141DDC338100E2BB85;
			productRefGroup = 0CC0481E1DDC338100E2BB85 /* Products */;
			projectDirPath = "";
			projectRoot = "";
			targets = (
				0CC0481C1DDC338100E2BB85 /* GS_NEWS */,
				0CC048351DDC338100E2BB85 /* GS_NEWSTests */,
				0CC048401DDC338100E2BB85 /* GS_NEWSUITests */,
			);
		};
/* End PBXProject section */

/* Begin PBXResourcesBuildPhase section */
		0CC0481B1DDC338100E2BB85 /* Resources */ = {
			isa = PBXResourcesBuildPhase;
			buildActionMask = 2147483647;
			files = (
				0C0D41971DDEDAF10067058F /* Info.plist in Resources */,
				0C62ECE81DDC365C004ED608 /* Assets.xcassets in Resources */,
			);
			runOnlyForDeploymentPostprocessing = 0;
		};
		0CC048341DDC338100E2BB85 /* Resources */ = {
			isa = PBXResourcesBuildPhase;
			buildActionMask = 2147483647;
			files = (
			);
			runOnlyForDeploymentPostprocessing = 0;
		};
		0CC0483F1DDC338100E2BB85 /* Resources */ = {
			isa = PBXResourcesBuildPhase;
			buildActionMask = 2147483647;
			files = (
			);
			runOnlyForDeploymentPostprocessing = 0;
		};
/* End PBXResourcesBuildPhase section */

/* Begin PBXSourcesBuildPhase section */
		0CC048191DDC338100E2BB85 /* Sources */ = {
			isa = PBXSourcesBuildPhase;
			buildActionMask = 2147483647;
			files = (
				0C0D41CB1DDEDAF10067058F /* SDWebImageDownloaderOperation.m in Sources */,
				0C0D41AA1DDEDAF10067058F /* NSObject+MJCoding.m in Sources */,
				0C0D418E1DDEDAF10067058F /* AFSecurityPolicy.m in Sources */,
				0C0D41901DDEDAF10067058F /* AFURLResponseSerialization.m in Sources */,
				0C0D41C61DDEDAF10067058F /* NSData+ImageContentType.m in Sources */,
				0C0D41AB1DDEDAF10067058F /* NSObject+MJKeyValue.m in Sources */,
				0C0D41C71DDEDAF10067058F /* SDImageCache.m in Sources */,
				0C0D41D31DDEDAF10067058F /* UIImageView+WebCache.m in Sources */,
				0C0D41AD1DDEDAF10067058F /* NSString+MJExtension.m in Sources */,
				0CC048251DDC338100E2BB85 /* AppDelegate.m in Sources */,
				0C0D41D11DDEDAF10067058F /* UIImage+WebP.m in Sources */,
				0C0D41EB1DDEE4D90067058F /* GSTopicController.m in Sources */,
				0C0D419C1DDEDAF10067058F /* MASViewAttribute.m in Sources */,
				0C0D41A91DDEDAF10067058F /* NSObject+MJClass.m in Sources */,
				0C0D419B1DDEDAF10067058F /* MASLayoutConstraint.m in Sources */,
				0C0D419F1DDEDAF10067058F /* NSLayoutConstraint+MASDebugAdditions.m in Sources */,
				0C0D41E51DDEE4990067058F /* GSMeController.m in Sources */,
				0C0D41A31DDEDAF10067058F /* MJDictionaryCache.m in Sources */,
				0C0D41A81DDEDAF10067058F /* MJPropertyType.m in Sources */,
				0C0D419A1DDEDAF10067058F /* MASConstraintMaker.m in Sources */,
				0C0D41CC1DDEDAF10067058F /* SDWebImageManager.m in Sources */,
				0C0D41A71DDEDAF10067058F /* MJPropertyKey.m in Sources */,
				0C0D41A21DDEDAF10067058F /* MBProgressHUD.m in Sources */,
				0C0D41D41DDEDAF10067058F /* UIView+WebCacheOperation.m in Sources */,
				0C3E2DFE1DDD438F004E3F0A /* GSLaunchAdViewController.m in Sources */,
				0C0D418C1DDEDAF10067058F /* AFHTTPSessionManager.m in Sources */,
				0C0D41A61DDEDAF10067058F /* MJProperty.m in Sources */,
				0C0D41E21DDEE4790067058F /* GSLiveController.m in Sources */,
				0C0D41AC1DDEDAF10067058F /* NSObject+MJProperty.m in Sources */,
				0C0D41CD1DDEDAF10067058F /* SDWebImagePrefetcher.m in Sources */,
				0C0D41A11DDEDAF10067058F /* ViewController+MASAdditions.m in Sources */,
				0C0D41CE1DDEDAF10067058F /* UIButton+WebCache.m in Sources */,
				0C0D41C81DDEDAF10067058F /* SDWebImageCompat.m in Sources */,
				0C0D41911DDEDAF10067058F /* AFURLSessionManager.m in Sources */,
				0CC048221DDC338100E2BB85 /* main.m in Sources */,
				0C0D41A41DDEDAF10067058F /* MJExtensionConst.m in Sources */,
				0C0D41D21DDEDAF10067058F /* UIImageView+HighlightedWebCache.m in Sources */,
				0C0D41F11DDEE61B0067058F /* GSMainNews.m in Sources */,
				0C0D418D1DDEDAF10067058F /* AFNetworkReachabilityManager.m in Sources */,
				0CA5B91E1DDEA7FB0069CFAE /* SkipView.m in Sources */,
				0C0D41981DDEDAF10067058F /* MASCompositeConstraint.m in Sources */,
				0C0D419E1DDEDAF10067058F /* NSArray+MASAdditions.m in Sources */,
				0C0D41C51DDEDAF10067058F /* MKAnnotationView+WebCache.m in Sources */,
				0C0D418F1DDEDAF10067058F /* AFURLRequestSerialization.m in Sources */,
				0C0D41A01DDEDAF10067058F /* View+MASAdditions.m in Sources */,
				0C0D41CA1DDEDAF10067058F /* SDWebImageDownloader.m in Sources */,
				0C0D41D01DDEDAF10067058F /* UIImage+MultiFormat.m in Sources */,
				0C0D41A51DDEDAF10067058F /* MJFoundation.m in Sources */,
				0C0D41C91DDEDAF10067058F /* SDWebImageDecoder.m in Sources */,
				0C0D41E81DDEE4B10067058F /* GSNewController.m in Sources */,
				0C0D419D1DDEDAF10067058F /* MASViewConstraint.m in Sources */,
				0C0D41991DDEDAF10067058F /* MASConstraint.m in Sources */,
				0C0D41CF1DDEDAF10067058F /* UIImage+GIF.m in Sources */,
			);
			runOnlyForDeploymentPostprocessing = 0;
		};
		0CC048321DDC338100E2BB85 /* Sources */ = {
			isa = PBXSourcesBuildPhase;
			buildActionMask = 2147483647;
			files = (
				0CC0483B1DDC338100E2BB85 /* GS_NEWSTests.m in Sources */,
			);
			runOnlyForDeploymentPostprocessing = 0;
		};
		0CC0483D1DDC338100E2BB85 /* Sources */ = {
			isa = PBXSourcesBuildPhase;
			buildActionMask = 2147483647;
			files = (
				0CC048461DDC338100E2BB85 /* GS_NEWSUITests.m in Sources */,
			);
			runOnlyForDeploymentPostprocessing = 0;
		};
/* End PBXSourcesBuildPhase section */

/* Begin PBXTargetDependency section */
		0CC048381DDC338100E2BB85 /* PBXTargetDependency */ = {
			isa = PBXTargetDependency;
			target = 0CC0481C1DDC338100E2BB85 /* GS_NEWS */;
			targetProxy = 0CC048371DDC338100E2BB85 /* PBXContainerItemProxy */;
		};
		0CC048431DDC338100E2BB85 /* PBXTargetDependency */ = {
			isa = PBXTargetDependency;
			target = 0CC0481C1DDC338100E2BB85 /* GS_NEWS */;
			targetProxy = 0CC048421DDC338100E2BB85 /* PBXContainerItemProxy */;
		};
/* End PBXTargetDependency section */

/* Begin XCBuildConfiguration section */
		0CC048481DDC338100E2BB85 /* Debug */ = {
			isa = XCBuildConfiguration;
			buildSettings = {
				ALWAYS_SEARCH_USER_PATHS = NO;
				CLANG_ANALYZER_NONNULL = YES;
				CLANG_CXX_LANGUAGE_STANDARD = "gnu++0x";
				CLANG_CXX_LIBRARY = "libc++";
				CLANG_ENABLE_MODULES = YES;
				CLANG_ENABLE_OBJC_ARC = YES;
				CLANG_WARN_BOOL_CONVERSION = YES;
				CLANG_WARN_CONSTANT_CONVERSION = YES;
				CLANG_WARN_DIRECT_OBJC_ISA_USAGE = YES_ERROR;
				CLANG_WARN_EMPTY_BODY = YES;
				CLANG_WARN_ENUM_CONVERSION = YES;
				CLANG_WARN_INT_CONVERSION = YES;
				CLANG_WARN_OBJC_ROOT_CLASS = YES_ERROR;
				CLANG_WARN_UNREACHABLE_CODE = YES;
				CLANG_WARN__DUPLICATE_METHOD_MATCH = YES;
				"CODE_SIGN_IDENTITY[sdk=iphoneos*]" = "iPhone Developer";
				COPY_PHASE_STRIP = NO;
				DEBUG_INFORMATION_FORMAT = dwarf;
				ENABLE_STRICT_OBJC_MSGSEND = YES;
				ENABLE_TESTABILITY = YES;
				GCC_C_LANGUAGE_STANDARD = gnu99;
				GCC_DYNAMIC_NO_PIC = NO;
				GCC_NO_COMMON_BLOCKS = YES;
				GCC_OPTIMIZATION_LEVEL = 0;
				GCC_PREPROCESSOR_DEFINITIONS = (
					"DEBUG=1",
					"$(inherited)",
				);
				GCC_WARN_64_TO_32_BIT_CONVERSION = YES;
				GCC_WARN_ABOUT_RETURN_TYPE = YES_ERROR;
				GCC_WARN_UNDECLARED_SELECTOR = YES;
				GCC_WARN_UNINITIALIZED_AUTOS = YES_AGGRESSIVE;
				GCC_WARN_UNUSED_FUNCTION = YES;
				GCC_WARN_UNUSED_VARIABLE = YES;
				IPHONEOS_DEPLOYMENT_TARGET = 9.3;
				MTL_ENABLE_DEBUG_INFO = YES;
				ONLY_ACTIVE_ARCH = YES;
				SDKROOT = iphoneos;
				TARGETED_DEVICE_FAMILY = "1,2";
			};
			name = Debug;
		};
		0CC048491DDC338100E2BB85 /* Release */ = {
			isa = XCBuildConfiguration;
			buildSettings = {
				ALWAYS_SEARCH_USER_PATHS = NO;
				CLANG_ANALYZER_NONNULL = YES;
				CLANG_CXX_LANGUAGE_STANDARD = "gnu++0x";
				CLANG_CXX_LIBRARY = "libc++";
				CLANG_ENABLE_MODULES = YES;
				CLANG_ENABLE_OBJC_ARC = YES;
				CLANG_WARN_BOOL_CONVERSION = YES;
				CLANG_WARN_CONSTANT_CONVERSION = YES;
				CLANG_WARN_DIRECT_OBJC_ISA_USAGE = YES_ERROR;
				CLANG_WARN_EMPTY_BODY = YES;
				CLANG_WARN_ENUM_CONVERSION = YES;
				CLANG_WARN_INT_CONVERSION = YES;
				CLANG_WARN_OBJC_ROOT_CLASS = YES_ERROR;
				CLANG_WARN_UNREACHABLE_CODE = YES;
				CLANG_WARN__DUPLICATE_METHOD_MATCH = YES;
				"CODE_SIGN_IDENTITY[sdk=iphoneos*]" = "iPhone Developer";
				COPY_PHASE_STRIP = NO;
				DEBUG_INFORMATION_FORMAT = "dwarf-with-dsym";
				ENABLE_NS_ASSERTIONS = NO;
				ENABLE_STRICT_OBJC_MSGSEND = YES;
				GCC_C_LANGUAGE_STANDARD = gnu99;
				GCC_NO_COMMON_BLOCKS = YES;
				GCC_WARN_64_TO_32_BIT_CONVERSION = YES;
				GCC_WARN_ABOUT_RETURN_TYPE = YES_ERROR;
				GCC_WARN_UNDECLARED_SELECTOR = YES;
				GCC_WARN_UNINITIALIZED_AUTOS = YES_AGGRESSIVE;
				GCC_WARN_UNUSED_FUNCTION = YES;
				GCC_WARN_UNUSED_VARIABLE = YES;
				IPHONEOS_DEPLOYMENT_TARGET = 9.3;
				MTL_ENABLE_DEBUG_INFO = NO;
				SDKROOT = iphoneos;
				TARGETED_DEVICE_FAMILY = "1,2";
				VALIDATE_PRODUCT = YES;
			};
			name = Release;
		};
		0CC0484B1DDC338100E2BB85 /* Debug */ = {
			isa = XCBuildConfiguration;
			buildSettings = {
				ASSETCATALOG_COMPILER_APPICON_NAME = AppIcon;
				ASSETCATALOG_COMPILER_LAUNCHIMAGE_NAME = LaunchImage;
				INFOPLIST_FILE = GS_NEWS/Info.plist;
				LD_RUNPATH_SEARCH_PATHS = "$(inherited) @executable_path/Frameworks";
				LIBRARY_SEARCH_PATHS = (
					"$(inherited)",
					"$(PROJECT_DIR)/GS_NEWS/lib/UMAnalytics_Sdk_3.6.6",
				);
				PRODUCT_BUNDLE_IDENTIFIER = com.sinovatech;
				PRODUCT_NAME = "$(TARGET_NAME)";
			};
			name = Debug;
		};
		0CC0484C1DDC338100E2BB85 /* Release */ = {
			isa = XCBuildConfiguration;
			buildSettings = {
				ASSETCATALOG_COMPILER_APPICON_NAME = AppIcon;
				ASSETCATALOG_COMPILER_LAUNCHIMAGE_NAME = LaunchImage;
				INFOPLIST_FILE = GS_NEWS/Info.plist;
				LD_RUNPATH_SEARCH_PATHS = "$(inherited) @executable_path/Frameworks";
				LIBRARY_SEARCH_PATHS = (
					"$(inherited)",
					"$(PROJECT_DIR)/GS_NEWS/lib/UMAnalytics_Sdk_3.6.6",
				);
				PRODUCT_BUNDLE_IDENTIFIER = com.sinovatech;
				PRODUCT_NAME = "$(TARGET_NAME)";
			};
			name = Release;
		};
		0CC0484E1DDC338100E2BB85 /* Debug */ = {
			isa = XCBuildConfiguration;
			buildSettings = {
				BUNDLE_LOADER = "$(TEST_HOST)";
				INFOPLIST_FILE = GS_NEWSTests/Info.plist;
				LD_RUNPATH_SEARCH_PATHS = "$(inherited) @executable_path/Frameworks @loader_path/Frameworks";
				PRODUCT_BUNDLE_IDENTIFIER = "com.sinavotech.GS-NEWSTests";
				PRODUCT_NAME = "$(TARGET_NAME)";
				TEST_HOST = "$(BUILT_PRODUCTS_DIR)/GS_NEWS.app/GS_NEWS";
			};
			name = Debug;
		};
		0CC0484F1DDC338100E2BB85 /* Release */ = {
			isa = XCBuildConfiguration;
			buildSettings = {
				BUNDLE_LOADER = "$(TEST_HOST)";
				INFOPLIST_FILE = GS_NEWSTests/Info.plist;
				LD_RUNPATH_SEARCH_PATHS = "$(inherited) @executable_path/Frameworks @loader_path/Frameworks";
				PRODUCT_BUNDLE_IDENTIFIER = "com.sinavotech.GS-NEWSTests";
				PRODUCT_NAME = "$(TARGET_NAME)";
				TEST_HOST = "$(BUILT_PRODUCTS_DIR)/GS_NEWS.app/GS_NEWS";
			};
			name = Release;
		};
		0CC048511DDC338100E2BB85 /* Debug */ = {
			isa = XCBuildConfiguration;
			buildSettings = {
				INFOPLIST_FILE = GS_NEWSUITests/Info.plist;
				LD_RUNPATH_SEARCH_PATHS = "$(inherited) @executable_path/Frameworks @loader_path/Frameworks";
				PRODUCT_BUNDLE_IDENTIFIER = "com.sinavotech.GS-NEWSUITests";
				PRODUCT_NAME = "$(TARGET_NAME)";
				TEST_TARGET_NAME = GS_NEWS;
			};
			name = Debug;
		};
		0CC048521DDC338100E2BB85 /* Release */ = {
			isa = XCBuildConfiguration;
			buildSettings = {
				INFOPLIST_FILE = GS_NEWSUITests/Info.plist;
				LD_RUNPATH_SEARCH_PATHS = "$(inherited) @executable_path/Frameworks @loader_path/Frameworks";
				PRODUCT_BUNDLE_IDENTIFIER = "com.sinavotech.GS-NEWSUITests";
				PRODUCT_NAME = "$(TARGET_NAME)";
				TEST_TARGET_NAME = GS_NEWS;
			};
			name = Release;
		};
/* End XCBuildConfiguration section */

/* Begin XCConfigurationList section */
		0CC048181DDC338100E2BB85 /* Build configuration list for PBXProject "GS_NEWS" */ = {
			isa = XCConfigurationList;
			buildConfigurations = (
				0CC048481DDC338100E2BB85 /* Debug */,
				0CC048491DDC338100E2BB85 /* Release */,
			);
			defaultConfigurationIsVisible = 0;
			defaultConfigurationName = Release;
		};
		0CC0484A1DDC338100E2BB85 /* Build configuration list for PBXNativeTarget "GS_NEWS" */ = {
			isa = XCConfigurationList;
			buildConfigurations = (
				0CC0484B1DDC338100E2BB85 /* Debug */,
				0CC0484C1DDC338100E2BB85 /* Release */,
			);
			defaultConfigurationIsVisible = 0;
			defaultConfigurationName = Release;
		};
		0CC0484D1DDC338100E2BB85 /* Build configuration list for PBXNativeTarget "GS_NEWSTests" */ = {
			isa = XCConfigurationList;
			buildConfigurations = (
				0CC0484E1DDC338100E2BB85 /* Debug */,
				0CC0484F1DDC338100E2BB85 /* Release */,
			);
			defaultConfigurationIsVisible = 0;
			defaultConfigurationName = Release;
		};
		0CC048501DDC338100E2BB85 /* Build configuration list for PBXNativeTarget "GS_NEWSUITests" */ = {
			isa = XCConfigurationList;
			buildConfigurations = (
				0CC048511DDC338100E2BB85 /* Debug */,
				0CC048521DDC338100E2BB85 /* Release */,
			);
			defaultConfigurationIsVisible = 0;
			defaultConfigurationName = Release;
		};
/* End XCConfigurationList section */
	};
	rootObject = 0CC048151DDC338100E2BB85 /* Project object */;
}
