// !$*UTF8*$!
{
	archiveVersion = 1;
	classes = {
	};
	objectVersion = 46;
	objects = {

/* Begin PBXBuildFile section */
		0CFEBF111DDD5E9800B8163C /* main.m in Sources */ = {isa = PBXBuildFile; fileRef = 0CFEBF101DDD5E9800B8163C /* main.m */; };
		0CFEBF141DDD5E9800B8163C /* AppDelegate.m in Sources */ = {isa = PBXBuildFile; fileRef = 0CFEBF131DDD5E9800B8163C /* AppDelegate.m */; };
		0CFEBF171DDD5E9800B8163C /* ViewController.m in Sources */ = {isa = PBXBuildFile; fileRef = 0CFEBF161DDD5E9800B8163C /* ViewController.m */; };
		0CFEBF1A1DDD5E9800B8163C /* Main.storyboard in Resources */ = {isa = PBXBuildFile; fileRef = 0CFEBF181DDD5E9800B8163C /* Main.storyboard */; };
		0CFEBF1C1DDD5E9800B8163C /* Assets.xcassets in Resources */ = {isa = PBXBuildFile; fileRef = 0CFEBF1B1DDD5E9800B8163C /* Assets.xcassets */; };
		0CFEBF1F1DDD5E9800B8163C /* LaunchScreen.storyboard in Resources */ = {isa = PBXBuildFile; fileRef = 0CFEBF1D1DDD5E9800B8163C /* LaunchScreen.storyboard */; };
		0CFEBF2A1DDD5E9800B8163C /* TestShapeLayerTests.m in Sources */ = {isa = PBXBuildFile; fileRef = 0CFEBF291DDD5E9800B8163C /* TestShapeLayerTests.m */; };
		0CFEBF351DDD5E9800B8163C /* TestShapeLayerUITests.m in Sources */ = {isa = PBXBuildFile; fileRef = 0CFEBF341DDD5E9800B8163C /* TestShapeLayerUITests.m */; };
		0CFEBF441DDD7E6600B8163C /* skipView.m in Sources */ = {isa = PBXBuildFile; fileRef = 0CFEBF431DDD7E6600B8163C /* skipView.m */; };
/* End PBXBuildFile section */

/* Begin PBXContainerItemProxy section */
		0CFEBF261DDD5E9800B8163C /* PBXContainerItemProxy */ = {
			isa = PBXContainerItemProxy;
			containerPortal = 0CFEBF041DDD5E9700B8163C /* Project object */;
			proxyType = 1;
			remoteGlobalIDString = 0CFEBF0B1DDD5E9700B8163C;
			remoteInfo = TestShapeLayer;
		};
		0CFEBF311DDD5E9800B8163C /* PBXContainerItemProxy */ = {
			isa = PBXContainerItemProxy;
			containerPortal = 0CFEBF041DDD5E9700B8163C /* Project object */;
			proxyType = 1;
			remoteGlobalIDString = 0CFEBF0B1DDD5E9700B8163C;
			remoteInfo = TestShapeLayer;
		};
/* End PBXContainerItemProxy section */

/* Begin PBXFileReference section */
		0CFEBF0C1DDD5E9800B8163C /* TestShapeLayer.app */ = {isa = PBXFileReference; explicitFileType = wrapper.application; includeInIndex = 0; path = TestShapeLayer.app; sourceTree = BUILT_PRODUCTS_DIR; };
		0CFEBF101DDD5E9800B8163C /* main.m */ = {isa = PBXFileReference; lastKnownFileType = sourcecode.c.objc; path = main.m; sourceTree = "<group>"; };
		0CFEBF121DDD5E9800B8163C /* AppDelegate.h */ = {isa = PBXFileReference; lastKnownFileType = sourcecode.c.h; path = AppDelegate.h; sourceTree = "<group>"; };
		0CFEBF131DDD5E9800B8163C /* AppDelegate.m */ = {isa = PBXFileReference; lastKnownFileType = sourcecode.c.objc; path = AppDelegate.m; sourceTree = "<group>"; };
		0CFEBF151DDD5E9800B8163C /* ViewController.h */ = {isa = PBXFileReference; lastKnownFileType = sourcecode.c.h; path = ViewController.h; sourceTree = "<group>"; };
		0CFEBF161DDD5E9800B8163C /* ViewController.m */ = {isa = PBXFileReference; lastKnownFileType = sourcecode.c.objc; path = ViewController.m; sourceTree = "<group>"; };
		0CFEBF191DDD5E9800B8163C /* Base */ = {isa = PBXFileReference; lastKnownFileType = file.storyboard; name = Base; path = Base.lproj/Main.storyboard; sourceTree = "<group>"; };
		0CFEBF1B1DDD5E9800B8163C /* Assets.xcassets */ = {isa = PBXFileReference; lastKnownFileType = folder.assetcatalog; path = Assets.xcassets; sourceTree = "<group>"; };
		0CFEBF1E1DDD5E9800B8163C /* Base */ = {isa = PBXFileReference; lastKnownFileType = file.storyboard; name = Base; path = Base.lproj/LaunchScreen.storyboard; sourceTree = "<group>"; };
		0CFEBF201DDD5E9800B8163C /* Info.plist */ = {isa = PBXFileReference; lastKnownFileType = text.plist.xml; path = Info.plist; sourceTree = "<group>"; };
		0CFEBF251DDD5E9800B8163C /* TestShapeLayerTests.xctest */ = {isa = PBXFileReference; explicitFileType = wrapper.cfbundle; includeInIndex = 0; path = TestShapeLayerTests.xctest; sourceTree = BUILT_PRODUCTS_DIR; };
		0CFEBF291DDD5E9800B8163C /* TestShapeLayerTests.m */ = {isa = PBXFileReference; lastKnownFileType = sourcecode.c.objc; path = TestShapeLayerTests.m; sourceTree = "<group>"; };
		0CFEBF2B1DDD5E9800B8163C /* Info.plist */ = {isa = PBXFileReference; lastKnownFileType = text.plist.xml; path = Info.plist; sourceTree = "<group>"; };
		0CFEBF301DDD5E9800B8163C /* TestShapeLayerUITests.xctest */ = {isa = PBXFileReference; explicitFileType = wrapper.cfbundle; includeInIndex = 0; path = TestShapeLayerUITests.xctest; sourceTree = BUILT_PRODUCTS_DIR; };
		0CFEBF341DDD5E9800B8163C /* TestShapeLayerUITests.m */ = {isa = PBXFileReference; lastKnownFileType = sourcecode.c.objc; path = TestShapeLayerUITests.m; sourceTree = "<group>"; };
		0CFEBF361DDD5E9800B8163C /* Info.plist */ = {isa = PBXFileReference; lastKnownFileType = text.plist.xml; path = Info.plist; sourceTree = "<group>"; };
		0CFEBF421DDD7E6600B8163C /* skipView.h */ = {isa = PBXFileReference; fileEncoding = 4; lastKnownFileType = sourcecode.c.h; path = skipView.h; sourceTree = "<group>"; };
		0CFEBF431DDD7E6600B8163C /* skipView.m */ = {isa = PBXFileReference; fileEncoding = 4; lastKnownFileType = sourcecode.c.objc; path = skipView.m; sourceTree = "<group>"; };
/* End PBXFileReference section */

/* Begin PBXFrameworksBuildPhase section */
		0CFEBF091DDD5E9700B8163C /* Frameworks */ = {
			isa = PBXFrameworksBuildPhase;
			buildActionMask = 2147483647;
			files = (
			);
			runOnlyForDeploymentPostprocessing = 0;
		};
		0CFEBF221DDD5E9800B8163C /* Frameworks */ = {
			isa = PBXFrameworksBuildPhase;
			buildActionMask = 2147483647;
			files = (
			);
			runOnlyForDeploymentPostprocessing = 0;
		};
		0CFEBF2D1DDD5E9800B8163C /* Frameworks */ = {
			isa = PBXFrameworksBuildPhase;
			buildActionMask = 2147483647;
			files = (
			);
			runOnlyForDeploymentPostprocessing = 0;
		};
/* End PBXFrameworksBuildPhase section */

/* Begin PBXGroup section */
		0CFEBF031DDD5E9700B8163C = {
			isa = PBXGroup;
			children = (
				0CFEBF0E1DDD5E9800B8163C /* TestShapeLayer */,
				0CFEBF281DDD5E9800B8163C /* TestShapeLayerTests */,
				0CFEBF331DDD5E9800B8163C /* TestShapeLayerUITests */,
				0CFEBF0D1DDD5E9800B8163C /* Products */,
			);
			sourceTree = "<group>";
		};
		0CFEBF0D1DDD5E9800B8163C /* Products */ = {
			isa = PBXGroup;
			children = (
				0CFEBF0C1DDD5E9800B8163C /* TestShapeLayer.app */,
				0CFEBF251DDD5E9800B8163C /* TestShapeLayerTests.xctest */,
				0CFEBF301DDD5E9800B8163C /* TestShapeLayerUITests.xctest */,
			);
			name = Products;
			sourceTree = "<group>";
		};
		0CFEBF0E1DDD5E9800B8163C /* TestShapeLayer */ = {
			isa = PBXGroup;
			children = (
				0CFEBF121DDD5E9800B8163C /* AppDelegate.h */,
				0CFEBF131DDD5E9800B8163C /* AppDelegate.m */,
				0CFEBF151DDD5E9800B8163C /* ViewController.h */,
				0CFEBF161DDD5E9800B8163C /* ViewController.m */,
				0CFEBF181DDD5E9800B8163C /* Main.storyboard */,
				0CFEBF1B1DDD5E9800B8163C /* Assets.xcassets */,
				0CFEBF1D1DDD5E9800B8163C /* LaunchScreen.storyboard */,
				0CFEBF201DDD5E9800B8163C /* Info.plist */,
				0CFEBF0F1DDD5E9800B8163C /* Supporting Files */,
				0CFEBF421DDD7E6600B8163C /* skipView.h */,
				0CFEBF431DDD7E6600B8163C /* skipView.m */,
			);
			path = TestShapeLayer;
			sourceTree = "<group>";
		};
		0CFEBF0F1DDD5E9800B8163C /* Supporting Files */ = {
			isa = PBXGroup;
			children = (
				0CFEBF101DDD5E9800B8163C /* main.m */,
			);
			name = "Supporting Files";
			sourceTree = "<group>";
		};
		0CFEBF281DDD5E9800B8163C /* TestShapeLayerTests */ = {
			isa = PBXGroup;
			children = (
				0CFEBF291DDD5E9800B8163C /* TestShapeLayerTests.m */,
				0CFEBF2B1DDD5E9800B8163C /* Info.plist */,
			);
			path = TestShapeLayerTests;
			sourceTree = "<group>";
		};
		0CFEBF331DDD5E9800B8163C /* TestShapeLayerUITests */ = {
			isa = PBXGroup;
			children = (
				0CFEBF341DDD5E9800B8163C /* TestShapeLayerUITests.m */,
				0CFEBF361DDD5E9800B8163C /* Info.plist */,
			);
			path = TestShapeLayerUITests;
			sourceTree = "<group>";
		};
/* End PBXGroup section */

/* Begin PBXNativeTarget section */
		0CFEBF0B1DDD5E9700B8163C /* TestShapeLayer */ = {
			isa = PBXNativeTarget;
			buildConfigurationList = 0CFEBF391DDD5E9800B8163C /* Build configuration list for PBXNativeTarget "TestShapeLayer" */;
			buildPhases = (
				0CFEBF081DDD5E9700B8163C /* Sources */,
				0CFEBF091DDD5E9700B8163C /* Frameworks */,
				0CFEBF0A1DDD5E9700B8163C /* Resources */,
			);
			buildRules = (
			);
			dependencies = (
			);
			name = TestShapeLayer;
			productName = TestShapeLayer;
			productReference = 0CFEBF0C1DDD5E9800B8163C /* TestShapeLayer.app */;
			productType = "com.apple.product-type.application";
		};
		0CFEBF241DDD5E9800B8163C /* TestShapeLayerTests */ = {
			isa = PBXNativeTarget;
			buildConfigurationList = 0CFEBF3C1DDD5E9800B8163C /* Build configuration list for PBXNativeTarget "TestShapeLayerTests" */;
			buildPhases = (
				0CFEBF211DDD5E9800B8163C /* Sources */,
				0CFEBF221DDD5E9800B8163C /* Frameworks */,
				0CFEBF231DDD5E9800B8163C /* Resources */,
			);
			buildRules = (
			);
			dependencies = (
				0CFEBF271DDD5E9800B8163C /* PBXTargetDependency */,
			);
			name = TestShapeLayerTests;
			productName = TestShapeLayerTests;
			productReference = 0CFEBF251DDD5E9800B8163C /* TestShapeLayerTests.xctest */;
			productType = "com.apple.product-type.bundle.unit-test";
		};
		0CFEBF2F1DDD5E9800B8163C /* TestShapeLayerUITests */ = {
			isa = PBXNativeTarget;
			buildConfigurationList = 0CFEBF3F1DDD5E9800B8163C /* Build configuration list for PBXNativeTarget "TestShapeLayerUITests" */;
			buildPhases = (
				0CFEBF2C1DDD5E9800B8163C /* Sources */,
				0CFEBF2D1DDD5E9800B8163C /* Frameworks */,
				0CFEBF2E1DDD5E9800B8163C /* Resources */,
			);
			buildRules = (
			);
			dependencies = (
				0CFEBF321DDD5E9800B8163C /* PBXTargetDependency */,
			);
			name = TestShapeLayerUITests;
			productName = TestShapeLayerUITests;
			productReference = 0CFEBF301DDD5E9800B8163C /* TestShapeLayerUITests.xctest */;
			productType = "com.apple.product-type.bundle.ui-testing";
		};
/* End PBXNativeTarget section */

/* Begin PBXProject section */
		0CFEBF041DDD5E9700B8163C /* Project object */ = {
			isa = PBXProject;
			attributes = {
				LastUpgradeCheck = 0730;
				ORGANIZATIONNAME = most;
				TargetAttributes = {
					0CFEBF0B1DDD5E9700B8163C = {
						CreatedOnToolsVersion = 7.3.1;
					};
					0CFEBF241DDD5E9800B8163C = {
						CreatedOnToolsVersion = 7.3.1;
						TestTargetID = 0CFEBF0B1DDD5E9700B8163C;
					};
					0CFEBF2F1DDD5E9800B8163C = {
						CreatedOnToolsVersion = 7.3.1;
						TestTargetID = 0CFEBF0B1DDD5E9700B8163C;
					};
				};
			};
			buildConfigurationList = 0CFEBF071DDD5E9700B8163C /* Build configuration list for PBXProject "TestShapeLayer" */;
			compatibilityVersion = "Xcode 3.2";
			developmentRegion = English;
			hasScannedForEncodings = 0;
			knownRegions = (
				en,
				Base,
			);
			mainGroup = 0CFEBF031DDD5E9700B8163C;
			productRefGroup = 0CFEBF0D1DDD5E9800B8163C /* Products */;
			projectDirPath = "";
			projectRoot = "";
			targets = (
				0CFEBF0B1DDD5E9700B8163C /* TestShapeLayer */,
				0CFEBF241DDD5E9800B8163C /* TestShapeLayerTests */,
				0CFEBF2F1DDD5E9800B8163C /* TestShapeLayerUITests */,
			);
		};
/* End PBXProject section */

/* Begin PBXResourcesBuildPhase section */
		0CFEBF0A1DDD5E9700B8163C /* Resources */ = {
			isa = PBXResourcesBuildPhase;
			buildActionMask = 2147483647;
			files = (
				0CFEBF1F1DDD5E9800B8163C /* LaunchScreen.storyboard in Resources */,
				0CFEBF1C1DDD5E9800B8163C /* Assets.xcassets in Resources */,
				0CFEBF1A1DDD5E9800B8163C /* Main.storyboard in Resources */,
			);
			runOnlyForDeploymentPostprocessing = 0;
		};
		0CFEBF231DDD5E9800B8163C /* Resources */ = {
			isa = PBXResourcesBuildPhase;
			buildActionMask = 2147483647;
			files = (
			);
			runOnlyForDeploymentPostprocessing = 0;
		};
		0CFEBF2E1DDD5E9800B8163C /* Resources */ = {
			isa = PBXResourcesBuildPhase;
			buildActionMask = 2147483647;
			files = (
			);
			runOnlyForDeploymentPostprocessing = 0;
		};
/* End PBXResourcesBuildPhase section */

/* Begin PBXSourcesBuildPhase section */
		0CFEBF081DDD5E9700B8163C /* Sources */ = {
			isa = PBXSourcesBuildPhase;
			buildActionMask = 2147483647;
			files = (
				0CFEBF171DDD5E9800B8163C /* ViewController.m in Sources */,
				0CFEBF141DDD5E9800B8163C /* AppDelegate.m in Sources */,
				0CFEBF111DDD5E9800B8163C /* main.m in Sources */,
				0CFEBF441DDD7E6600B8163C /* skipView.m in Sources */,
			);
			runOnlyForDeploymentPostprocessing = 0;
		};
		0CFEBF211DDD5E9800B8163C /* Sources */ = {
			isa = PBXSourcesBuildPhase;
			buildActionMask = 2147483647;
			files = (
				0CFEBF2A1DDD5E9800B8163C /* TestShapeLayerTests.m in Sources */,
			);
			runOnlyForDeploymentPostprocessing = 0;
		};
		0CFEBF2C1DDD5E9800B8163C /* Sources */ = {
			isa = PBXSourcesBuildPhase;
			buildActionMask = 2147483647;
			files = (
				0CFEBF351DDD5E9800B8163C /* TestShapeLayerUITests.m in Sources */,
			);
			runOnlyForDeploymentPostprocessing = 0;
		};
/* End PBXSourcesBuildPhase section */

/* Begin PBXTargetDependency section */
		0CFEBF271DDD5E9800B8163C /* PBXTargetDependency */ = {
			isa = PBXTargetDependency;
			target = 0CFEBF0B1DDD5E9700B8163C /* TestShapeLayer */;
			targetProxy = 0CFEBF261DDD5E9800B8163C /* PBXContainerItemProxy */;
		};
		0CFEBF321DDD5E9800B8163C /* PBXTargetDependency */ = {
			isa = PBXTargetDependency;
			target = 0CFEBF0B1DDD5E9700B8163C /* TestShapeLayer */;
			targetProxy = 0CFEBF311DDD5E9800B8163C /* PBXContainerItemProxy */;
		};
/* End PBXTargetDependency section */

/* Begin PBXVariantGroup section */
		0CFEBF181DDD5E9800B8163C /* Main.storyboard */ = {
			isa = PBXVariantGroup;
			children = (
				0CFEBF191DDD5E9800B8163C /* Base */,
			);
			name = Main.storyboard;
			sourceTree = "<group>";
		};
		0CFEBF1D1DDD5E9800B8163C /* LaunchScreen.storyboard */ = {
			isa = PBXVariantGroup;
			children = (
				0CFEBF1E1DDD5E9800B8163C /* Base */,
			);
			name = LaunchScreen.storyboard;
			sourceTree = "<group>";
		};
/* End PBXVariantGroup section */

/* Begin XCBuildConfiguration section */
		0CFEBF371DDD5E9800B8163C /* Debug */ = {
			isa = XCBuildConfiguration;
			buildSettings = {
				ALWAYS_SEARCH_USER_PATHS = NO;
				CLANG_ANALYZER_NONNULL = YES;
				CLANG_CXX_LANGUAGE_STANDARD = "gnu++0x";
				CLANG_CXX_LIBRARY = "libc++";
				CLANG_ENABLE_MODULES = YES;
				CLANG_ENABLE_OBJC_ARC = YES;
				CLANG_WARN_BOOL_CONVERSION = YES;
				CLANG_WARN_CONSTANT_CONVERSION = YES;
				CLANG_WARN_DIRECT_OBJC_ISA_USAGE = YES_ERROR;
				CLANG_WARN_EMPTY_BODY = YES;
				CLANG_WARN_ENUM_CONVERSION = YES;
				CLANG_WARN_INT_CONVERSION = YES;
				CLANG_WARN_OBJC_ROOT_CLASS = YES_ERROR;
				CLANG_WARN_UNREACHABLE_CODE = YES;
				CLANG_WARN__DUPLICATE_METHOD_MATCH = YES;
				"CODE_SIGN_IDENTITY[sdk=iphoneos*]" = "iPhone Developer";
				COPY_PHASE_STRIP = NO;
				DEBUG_INFORMATION_FORMAT = dwarf;
				ENABLE_STRICT_OBJC_MSGSEND = YES;
				ENABLE_TESTABILITY = YES;
				GCC_C_LANGUAGE_STANDARD = gnu99;
				GCC_DYNAMIC_NO_PIC = NO;
				GCC_NO_COMMON_BLOCKS = YES;
				GCC_OPTIMIZATION_LEVEL = 0;
				GCC_PREPROCESSOR_DEFINITIONS = (
					"DEBUG=1",
					"$(inherited)",
				);
				GCC_WARN_64_TO_32_BIT_CONVERSION = YES;
				GCC_WARN_ABOUT_RETURN_TYPE = YES_ERROR;
				GCC_WARN_UNDECLARED_SELECTOR = YES;
				GCC_WARN_UNINITIALIZED_AUTOS = YES_AGGRESSIVE;
				GCC_WARN_UNUSED_FUNCTION = YES;
				GCC_WARN_UNUSED_VARIABLE = YES;
				IPHONEOS_DEPLOYMENT_TARGET = 9.3;
				MTL_ENABLE_DEBUG_INFO = YES;
				ONLY_ACTIVE_ARCH = YES;
				SDKROOT = iphoneos;
				TARGETED_DEVICE_FAMILY = "1,2";
			};
			name = Debug;
		};
		0CFEBF381DDD5E9800B8163C /* Release */ = {
			isa = XCBuildConfiguration;
			buildSettings = {
				ALWAYS_SEARCH_USER_PATHS = NO;
				CLANG_ANALYZER_NONNULL = YES;
				CLANG_CXX_LANGUAGE_STANDARD = "gnu++0x";
				CLANG_CXX_LIBRARY = "libc++";
				CLANG_ENABLE_MODULES = YES;
				CLANG_ENABLE_OBJC_ARC = YES;
				CLANG_WARN_BOOL_CONVERSION = YES;
				CLANG_WARN_CONSTANT_CONVERSION = YES;
				CLANG_WARN_DIRECT_OBJC_ISA_USAGE = YES_ERROR;
				CLANG_WARN_EMPTY_BODY = YES;
				CLANG_WARN_ENUM_CONVERSION = YES;
				CLANG_WARN_INT_CONVERSION = YES;
				CLANG_WARN_OBJC_ROOT_CLASS = YES_ERROR;
				CLANG_WARN_UNREACHABLE_CODE = YES;
				CLANG_WARN__DUPLICATE_METHOD_MATCH = YES;
				"CODE_SIGN_IDENTITY[sdk=iphoneos*]" = "iPhone Developer";
				COPY_PHASE_STRIP = NO;
				DEBUG_INFORMATION_FORMAT = "dwarf-with-dsym";
				ENABLE_NS_ASSERTIONS = NO;
				ENABLE_STRICT_OBJC_MSGSEND = YES;
				GCC_C_LANGUAGE_STANDARD = gnu99;
				GCC_NO_COMMON_BLOCKS = YES;
				GCC_WARN_64_TO_32_BIT_CONVERSION = YES;
				GCC_WARN_ABOUT_RETURN_TYPE = YES_ERROR;
				GCC_WARN_UNDECLARED_SELECTOR = YES;
				GCC_WARN_UNINITIALIZED_AUTOS = YES_AGGRESSIVE;
				GCC_WARN_UNUSED_FUNCTION = YES;
				GCC_WARN_UNUSED_VARIABLE = YES;
				IPHONEOS_DEPLOYMENT_TARGET = 9.3;
				MTL_ENABLE_DEBUG_INFO = NO;
				SDKROOT = iphoneos;
				TARGETED_DEVICE_FAMILY = "1,2";
				VALIDATE_PRODUCT = YES;
			};
			name = Release;
		};
		0CFEBF3A1DDD5E9800B8163C /* Debug */ = {
			isa = XCBuildConfiguration;
			buildSettings = {
				ASSETCATALOG_COMPILER_APPICON_NAME = AppIcon;
				INFOPLIST_FILE = TestShapeLayer/Info.plist;
				LD_RUNPATH_SEARCH_PATHS = "$(inherited) @executable_path/Frameworks";
				PRODUCT_BUNDLE_IDENTIFIER = com.sinavotech.TestShapeLayer;
				PRODUCT_NAME = "$(TARGET_NAME)";
			};
			name = Debug;
		};
		0CFEBF3B1DDD5E9800B8163C /* Release */ = {
			isa = XCBuildConfiguration;
			buildSettings = {
				ASSETCATALOG_COMPILER_APPICON_NAME = AppIcon;
				INFOPLIST_FILE = TestShapeLayer/Info.plist;
				LD_RUNPATH_SEARCH_PATHS = "$(inherited) @executable_path/Frameworks";
				PRODUCT_BUNDLE_IDENTIFIER = com.sinavotech.TestShapeLayer;
				PRODUCT_NAME = "$(TARGET_NAME)";
			};
			name = Release;
		};
		0CFEBF3D1DDD5E9800B8163C /* Debug */ = {
			isa = XCBuildConfiguration;
			buildSettings = {
				BUNDLE_LOADER = "$(TEST_HOST)";
				INFOPLIST_FILE = TestShapeLayerTests/Info.plist;
				LD_RUNPATH_SEARCH_PATHS = "$(inherited) @executable_path/Frameworks @loader_path/Frameworks";
				PRODUCT_BUNDLE_IDENTIFIER = com.sinavotech.TestShapeLayerTests;
				PRODUCT_NAME = "$(TARGET_NAME)";
				TEST_HOST = "$(BUILT_PRODUCTS_DIR)/TestShapeLayer.app/TestShapeLayer";
			};
			name = Debug;
		};
		0CFEBF3E1DDD5E9800B8163C /* Release */ = {
			isa = XCBuildConfiguration;
			buildSettings = {
				BUNDLE_LOADER = "$(TEST_HOST)";
				INFOPLIST_FILE = TestShapeLayerTests/Info.plist;
				LD_RUNPATH_SEARCH_PATHS = "$(inherited) @executable_path/Frameworks @loader_path/Frameworks";
				PRODUCT_BUNDLE_IDENTIFIER = com.sinavotech.TestShapeLayerTests;
				PRODUCT_NAME = "$(TARGET_NAME)";
				TEST_HOST = "$(BUILT_PRODUCTS_DIR)/TestShapeLayer.app/TestShapeLayer";
			};
			name = Release;
		};
		0CFEBF401DDD5E9800B8163C /* Debug */ = {
			isa = XCBuildConfiguration;
			buildSettings = {
				INFOPLIST_FILE = TestShapeLayerUITests/Info.plist;
				LD_RUNPATH_SEARCH_PATHS = "$(inherited) @executable_path/Frameworks @loader_path/Frameworks";
				PRODUCT_BUNDLE_IDENTIFIER = com.sinavotech.TestShapeLayerUITests;
				PRODUCT_NAME = "$(TARGET_NAME)";
				TEST_TARGET_NAME = TestShapeLayer;
			};
			name = Debug;
		};
		0CFEBF411DDD5E9800B8163C /* Release */ = {
			isa = XCBuildConfiguration;
			buildSettings = {
				INFOPLIST_FILE = TestShapeLayerUITests/Info.plist;
				LD_RUNPATH_SEARCH_PATHS = "$(inherited) @executable_path/Frameworks @loader_path/Frameworks";
				PRODUCT_BUNDLE_IDENTIFIER = com.sinavotech.TestShapeLayerUITests;
				PRODUCT_NAME = "$(TARGET_NAME)";
				TEST_TARGET_NAME = TestShapeLayer;
			};
			name = Release;
		};
/* End XCBuildConfiguration section */

/* Begin XCConfigurationList section */
		0CFEBF071DDD5E9700B8163C /* Build configuration list for PBXProject "TestShapeLayer" */ = {
			isa = XCConfigurationList;
			buildConfigurations = (
				0CFEBF371DDD5E9800B8163C /* Debug */,
				0CFEBF381DDD5E9800B8163C /* Release */,
			);
			defaultConfigurationIsVisible = 0;
			defaultConfigurationName = Release;
		};
		0CFEBF391DDD5E9800B8163C /* Build configuration list for PBXNativeTarget "TestShapeLayer" */ = {
			isa = XCConfigurationList;
			buildConfigurations = (
				0CFEBF3A1DDD5E9800B8163C /* Debug */,
				0CFEBF3B1DDD5E9800B8163C /* Release */,
			);
			defaultConfigurationIsVisible = 0;
		};
		0CFEBF3C1DDD5E9800B8163C /* Build configuration list for PBXNativeTarget "TestShapeLayerTests" */ = {
			isa = XCConfigurationList;
			buildConfigurations = (
				0CFEBF3D1DDD5E9800B8163C /* Debug */,
				0CFEBF3E1DDD5E9800B8163C /* Release */,
			);
			defaultConfigurationIsVisible = 0;
		};
		0CFEBF3F1DDD5E9800B8163C /* Build configuration list for PBXNativeTarget "TestShapeLayerUITests" */ = {
			isa = XCConfigurationList;
			buildConfigurations = (
				0CFEBF401DDD5E9800B8163C /* Debug */,
				0CFEBF411DDD5E9800B8163C /* Release */,
			);
			defaultConfigurationIsVisible = 0;
		};
/* End XCConfigurationList section */
	};
	rootObject = 0CFEBF041DDD5E9700B8163C /* Project object */;
}
